// !$*UTF8*$!
{
	archiveVersion = 1;
	classes = {
	};
	objectVersion = 46;
	objects = {

/* Begin PBXBuildFile section */
		6BCB134A1C69370600CBCC3E /* WritableToken.swift in Sources */ = {isa = PBXBuildFile; fileRef = 6BCB12AD1C69370600CBCC3E /* WritableToken.swift */; };
		6BCB134B1C69370600CBCC3E /* WildcardTransition.swift in Sources */ = {isa = PBXBuildFile; fileRef = 6BCB12AE1C69370600CBCC3E /* WildcardTransition.swift */; };
		6BCB134C1C69370600CBCC3E /* WeakKeyDictionary.swift in Sources */ = {isa = PBXBuildFile; fileRef = 6BCB12AF1C69370600CBCC3E /* WeakKeyDictionary.swift */; };
		6BCB134D1C69370600CBCC3E /* WeakHashMap.swift in Sources */ = {isa = PBXBuildFile; fileRef = 6BCB12B01C69370600CBCC3E /* WeakHashMap.swift */; };
		6BCB134E1C69370600CBCC3E /* VocabularySingle.swift in Sources */ = {isa = PBXBuildFile; fileRef = 6BCB12B11C69370600CBCC3E /* VocabularySingle.swift */; };
		6BCB134F1C69370600CBCC3E /* Utils.swift in Sources */ = {isa = PBXBuildFile; fileRef = 6BCB12B21C69370600CBCC3E /* Utils.swift */; };
		6BCB13501C69370600CBCC3E /* UnbufferedTokenStream.swift in Sources */ = {isa = PBXBuildFile; fileRef = 6BCB12B31C69370600CBCC3E /* UnbufferedTokenStream.swift */; };
		6BCB13511C69370600CBCC3E /* Triple.swift in Sources */ = {isa = PBXBuildFile; fileRef = 6BCB12B41C69370600CBCC3E /* Triple.swift */; };
		6BCB13521C69370600CBCC3E /* Trees.swift in Sources */ = {isa = PBXBuildFile; fileRef = 6BCB12B51C69370600CBCC3E /* Trees.swift */; };
		6BCB13531C69370600CBCC3E /* Tree.swift in Sources */ = {isa = PBXBuildFile; fileRef = 6BCB12B61C69370600CBCC3E /* Tree.swift */; };
		6BCB13541C69370600CBCC3E /* Transition.swift in Sources */ = {isa = PBXBuildFile; fileRef = 6BCB12B71C69370600CBCC3E /* Transition.swift */; };
		6BCB13551C69370600CBCC3E /* TokenTagToken.swift in Sources */ = {isa = PBXBuildFile; fileRef = 6BCB12B81C69370600CBCC3E /* TokenTagToken.swift */; };
		6BCB13561C69370600CBCC3E /* TokenStreamRewriter.swift in Sources */ = {isa = PBXBuildFile; fileRef = 6BCB12B91C69370600CBCC3E /* TokenStreamRewriter.swift */; };
		6BCB13571C69370600CBCC3E /* TokenStream.swift in Sources */ = {isa = PBXBuildFile; fileRef = 6BCB12BA1C69370600CBCC3E /* TokenStream.swift */; };
		6BCB13581C69370600CBCC3E /* TokensStartState.swift in Sources */ = {isa = PBXBuildFile; fileRef = 6BCB12BB1C69370600CBCC3E /* TokensStartState.swift */; };
		6BCB13591C69370600CBCC3E /* TokenSource.swift in Sources */ = {isa = PBXBuildFile; fileRef = 6BCB12BC1C69370600CBCC3E /* TokenSource.swift */; };
		6BCB135A1C69370600CBCC3E /* TokenFactory.swift in Sources */ = {isa = PBXBuildFile; fileRef = 6BCB12BD1C69370600CBCC3E /* TokenFactory.swift */; };
		6BCB135B1C69370600CBCC3E /* TokenExtension.swift in Sources */ = {isa = PBXBuildFile; fileRef = 6BCB12BE1C69370600CBCC3E /* TokenExtension.swift */; };
		6BCB135C1C69370600CBCC3E /* Token.swift in Sources */ = {isa = PBXBuildFile; fileRef = 6BCB12BF1C69370600CBCC3E /* Token.swift */; };
		6BCB135D1C69370600CBCC3E /* TextChunk.swift in Sources */ = {isa = PBXBuildFile; fileRef = 6BCB12C01C69370600CBCC3E /* TextChunk.swift */; };
		6BCB135E1C69370600CBCC3E /* TerminalNodeImpl.swift in Sources */ = {isa = PBXBuildFile; fileRef = 6BCB12C11C69370600CBCC3E /* TerminalNodeImpl.swift */; };
		6BCB135F1C69370600CBCC3E /* TerminalNode.swift in Sources */ = {isa = PBXBuildFile; fileRef = 6BCB12C21C69370600CBCC3E /* TerminalNode.swift */; };
		6BCB13601C69370600CBCC3E /* TagChunk.swift in Sources */ = {isa = PBXBuildFile; fileRef = 6BCB12C31C69370600CBCC3E /* TagChunk.swift */; };
		6BCB13611C69370600CBCC3E /* SyntaxTree.swift in Sources */ = {isa = PBXBuildFile; fileRef = 6BCB12C41C69370600CBCC3E /* SyntaxTree.swift */; };
		6BCB13621C69370600CBCC3E /* StringBuilder.swift in Sources */ = {isa = PBXBuildFile; fileRef = 6BCB12C51C69370600CBCC3E /* StringBuilder.swift */; };
		6BCB13631C69370600CBCC3E /* StirngExtension.swift in Sources */ = {isa = PBXBuildFile; fileRef = 6BCB12C61C69370600CBCC3E /* StirngExtension.swift */; };
		6BCB13641C69370600CBCC3E /* StarLoopEntryState.swift in Sources */ = {isa = PBXBuildFile; fileRef = 6BCB12C71C69370600CBCC3E /* StarLoopEntryState.swift */; };
		6BCB13651C69370600CBCC3E /* StarLoopbackState.swift in Sources */ = {isa = PBXBuildFile; fileRef = 6BCB12C81C69370600CBCC3E /* StarLoopbackState.swift */; };
		6BCB13661C69370600CBCC3E /* StarBlockStartState.swift in Sources */ = {isa = PBXBuildFile; fileRef = 6BCB12C91C69370600CBCC3E /* StarBlockStartState.swift */; };
		6BCB13671C69370600CBCC3E /* Stack.swift in Sources */ = {isa = PBXBuildFile; fileRef = 6BCB12CA1C69370600CBCC3E /* Stack.swift */; };
		6BCB13681C69370600CBCC3E /* SingletonPredictionContext.swift in Sources */ = {isa = PBXBuildFile; fileRef = 6BCB12CB1C69370600CBCC3E /* SingletonPredictionContext.swift */; };
		6BCB13691C69370600CBCC3E /* SetTransition.swift in Sources */ = {isa = PBXBuildFile; fileRef = 6BCB12CC1C69370600CBCC3E /* SetTransition.swift */; };
		6BCB136A1C69370600CBCC3E /* SemanticContext.swift in Sources */ = {isa = PBXBuildFile; fileRef = 6BCB12CD1C69370600CBCC3E /* SemanticContext.swift */; };
		6BCB136B1C69370600CBCC3E /* RuntimeMetaData.swift in Sources */ = {isa = PBXBuildFile; fileRef = 6BCB12CE1C69370600CBCC3E /* RuntimeMetaData.swift */; };
		6BCB136C1C69370600CBCC3E /* RuleTransition.swift in Sources */ = {isa = PBXBuildFile; fileRef = 6BCB12CF1C69370600CBCC3E /* RuleTransition.swift */; };
		6BCB136D1C69370600CBCC3E /* RuleTagToken.swift in Sources */ = {isa = PBXBuildFile; fileRef = 6BCB12D01C69370600CBCC3E /* RuleTagToken.swift */; };
		6BCB136E1C69370600CBCC3E /* RuleStopState.swift in Sources */ = {isa = PBXBuildFile; fileRef = 6BCB12D11C69370600CBCC3E /* RuleStopState.swift */; };
		6BCB136F1C69370600CBCC3E /* RuleStartState.swift in Sources */ = {isa = PBXBuildFile; fileRef = 6BCB12D21C69370600CBCC3E /* RuleStartState.swift */; };
		6BCB13701C69370600CBCC3E /* RuleNode.swift in Sources */ = {isa = PBXBuildFile; fileRef = 6BCB12D31C69370600CBCC3E /* RuleNode.swift */; };
		6BCB13711C69370600CBCC3E /* RuleContext.swift in Sources */ = {isa = PBXBuildFile; fileRef = 6BCB12D41C69370600CBCC3E /* RuleContext.swift */; };
		6BCB13721C69370600CBCC3E /* Recognizer.swift in Sources */ = {isa = PBXBuildFile; fileRef = 6BCB12D51C69370600CBCC3E /* Recognizer.swift */; };
		6BCB13731C69370600CBCC3E /* RecognitionException.swift in Sources */ = {isa = PBXBuildFile; fileRef = 6BCB12D61C69370600CBCC3E /* RecognitionException.swift */; };
		6BCB13741C69370600CBCC3E /* RangeTransition.swift in Sources */ = {isa = PBXBuildFile; fileRef = 6BCB12D71C69370600CBCC3E /* RangeTransition.swift */; };
		6BCB13751C69370600CBCC3E /* ProxyErrorListener.swift in Sources */ = {isa = PBXBuildFile; fileRef = 6BCB12D81C69370600CBCC3E /* ProxyErrorListener.swift */; };
		6BCB13761C69370600CBCC3E /* ProfilingATNSimulator.swift in Sources */ = {isa = PBXBuildFile; fileRef = 6BCB12D91C69370600CBCC3E /* ProfilingATNSimulator.swift */; };
		6BCB13771C69370600CBCC3E /* PredictionMode.swift in Sources */ = {isa = PBXBuildFile; fileRef = 6BCB12DA1C69370600CBCC3E /* PredictionMode.swift */; };
		6BCB13781C69370600CBCC3E /* PredictionContextCache.swift in Sources */ = {isa = PBXBuildFile; fileRef = 6BCB12DB1C69370600CBCC3E /* PredictionContextCache.swift */; };
		6BCB13791C69370600CBCC3E /* PredictionContext.swift in Sources */ = {isa = PBXBuildFile; fileRef = 6BCB12DC1C69370600CBCC3E /* PredictionContext.swift */; };
		6BCB137A1C69370600CBCC3E /* PredicateTransition.swift in Sources */ = {isa = PBXBuildFile; fileRef = 6BCB12DD1C69370600CBCC3E /* PredicateTransition.swift */; };
		6BCB137B1C69370600CBCC3E /* PredicateEvalInfo.swift in Sources */ = {isa = PBXBuildFile; fileRef = 6BCB12DE1C69370600CBCC3E /* PredicateEvalInfo.swift */; };
		6BCB137C1C69370600CBCC3E /* PrecedencePredicateTransition.swift in Sources */ = {isa = PBXBuildFile; fileRef = 6BCB12DF1C69370600CBCC3E /* PrecedencePredicateTransition.swift */; };
		6BCB137D1C69370600CBCC3E /* PlusLoopbackState.swift in Sources */ = {isa = PBXBuildFile; fileRef = 6BCB12E01C69370600CBCC3E /* PlusLoopbackState.swift */; };
		6BCB137E1C69370600CBCC3E /* PlusBlockStartState.swift in Sources */ = {isa = PBXBuildFile; fileRef = 6BCB12E11C69370600CBCC3E /* PlusBlockStartState.swift */; };
		6BCB137F1C69370600CBCC3E /* ParseTreeWalker.swift in Sources */ = {isa = PBXBuildFile; fileRef = 6BCB12E21C69370600CBCC3E /* ParseTreeWalker.swift */; };
		6BCB13801C69370600CBCC3E /* ParseTreeVisitor.swift in Sources */ = {isa = PBXBuildFile; fileRef = 6BCB12E31C69370600CBCC3E /* ParseTreeVisitor.swift */; };
		6BCB13811C69370600CBCC3E /* ParseTreePatternMatcher.swift in Sources */ = {isa = PBXBuildFile; fileRef = 6BCB12E41C69370600CBCC3E /* ParseTreePatternMatcher.swift */; };
		6BCB13821C69370600CBCC3E /* ParseTreePattern.swift in Sources */ = {isa = PBXBuildFile; fileRef = 6BCB12E51C69370600CBCC3E /* ParseTreePattern.swift */; };
		6BCB13831C69370600CBCC3E /* ParseTreeMatch.swift in Sources */ = {isa = PBXBuildFile; fileRef = 6BCB12E61C69370600CBCC3E /* ParseTreeMatch.swift */; };
		6BCB13841C69370600CBCC3E /* ParseTreeListener.swift in Sources */ = {isa = PBXBuildFile; fileRef = 6BCB12E71C69370600CBCC3E /* ParseTreeListener.swift */; };
		6BCB13851C69370600CBCC3E /* ParseTree.swift in Sources */ = {isa = PBXBuildFile; fileRef = 6BCB12E81C69370600CBCC3E /* ParseTree.swift */; };
		6BCB13861C69370600CBCC3E /* ParserRuleContext.swift in Sources */ = {isa = PBXBuildFile; fileRef = 6BCB12E91C69370600CBCC3E /* ParserRuleContext.swift */; };
		6BCB13871C69370600CBCC3E /* ParserInterpreter.swift in Sources */ = {isa = PBXBuildFile; fileRef = 6BCB12EA1C69370600CBCC3E /* ParserInterpreter.swift */; };
		6BCB13881C69370600CBCC3E /* ParserATNSimulator.swift in Sources */ = {isa = PBXBuildFile; fileRef = 6BCB12EB1C69370600CBCC3E /* ParserATNSimulator.swift */; };
		6BCB13891C69370600CBCC3E /* Parser.swift in Sources */ = {isa = PBXBuildFile; fileRef = 6BCB12EC1C69370600CBCC3E /* Parser.swift */; };
		6BCB138A1C69370600CBCC3E /* ParseInfo.swift in Sources */ = {isa = PBXBuildFile; fileRef = 6BCB12ED1C69370600CBCC3E /* ParseInfo.swift */; };
		6BCB138B1C69370600CBCC3E /* OrderedATNConfigSet.swift in Sources */ = {isa = PBXBuildFile; fileRef = 6BCB12EE1C69370600CBCC3E /* OrderedATNConfigSet.swift */; };
		6BCB138C1C69370600CBCC3E /* OrderedATNConfig.swift in Sources */ = {isa = PBXBuildFile; fileRef = 6BCB12EF1C69370600CBCC3E /* OrderedATNConfig.swift */; };
		6BCB138D1C69370600CBCC3E /* NSUUIDExtension.swift in Sources */ = {isa = PBXBuildFile; fileRef = 6BCB12F01C69370600CBCC3E /* NSUUIDExtension.swift */; };
		6BCB138E1C69370600CBCC3E /* NSMapTableExtension.swift in Sources */ = {isa = PBXBuildFile; fileRef = 6BCB12F11C69370600CBCC3E /* NSMapTableExtension.swift */; };
		6BCB138F1C69370600CBCC3E /* NoViableAltException.swift in Sources */ = {isa = PBXBuildFile; fileRef = 6BCB12F21C69370600CBCC3E /* NoViableAltException.swift */; };
		6BCB13901C69370600CBCC3E /* NotSetTransition.swift in Sources */ = {isa = PBXBuildFile; fileRef = 6BCB12F31C69370600CBCC3E /* NotSetTransition.swift */; };
		6BCB13911C69370600CBCC3E /* MurmurHash.swift in Sources */ = {isa = PBXBuildFile; fileRef = 6BCB12F41C69370600CBCC3E /* MurmurHash.swift */; };
		6BCB13921C69370600CBCC3E /* MultiMap.swift in Sources */ = {isa = PBXBuildFile; fileRef = 6BCB12F51C69370600CBCC3E /* MultiMap.swift */; };
		6BCB13931C69370600CBCC3E /* LoopEndState.swift in Sources */ = {isa = PBXBuildFile; fileRef = 6BCB12F61C69370600CBCC3E /* LoopEndState.swift */; };
		6BCB13941C69370600CBCC3E /* LookupDictionary.swift in Sources */ = {isa = PBXBuildFile; fileRef = 6BCB12F71C69370600CBCC3E /* LookupDictionary.swift */; };
		6BCB13951C69370600CBCC3E /* LookupATNConfig.swift in Sources */ = {isa = PBXBuildFile; fileRef = 6BCB12F81C69370600CBCC3E /* LookupATNConfig.swift */; };
		6BCB13961C69370600CBCC3E /* LookaheadEventInfo.swift in Sources */ = {isa = PBXBuildFile; fileRef = 6BCB12F91C69370600CBCC3E /* LookaheadEventInfo.swift */; };
		6BCB13971C69370600CBCC3E /* LL1Analyzer.swift in Sources */ = {isa = PBXBuildFile; fileRef = 6BCB12FA1C69370600CBCC3E /* LL1Analyzer.swift */; };
		6BCB13981C69370600CBCC3E /* ListTokenSource.swift in Sources */ = {isa = PBXBuildFile; fileRef = 6BCB12FB1C69370600CBCC3E /* ListTokenSource.swift */; };
		6BCB13991C69370600CBCC3E /* LexerTypeAction.swift in Sources */ = {isa = PBXBuildFile; fileRef = 6BCB12FC1C69370600CBCC3E /* LexerTypeAction.swift */; };
		6BCB139A1C69370600CBCC3E /* LexerSkipAction.swift in Sources */ = {isa = PBXBuildFile; fileRef = 6BCB12FD1C69370600CBCC3E /* LexerSkipAction.swift */; };
		6BCB139B1C69370600CBCC3E /* LexerPushModeAction.swift in Sources */ = {isa = PBXBuildFile; fileRef = 6BCB12FE1C69370600CBCC3E /* LexerPushModeAction.swift */; };
		6BCB139C1C69370600CBCC3E /* LexerPopModeAction.swift in Sources */ = {isa = PBXBuildFile; fileRef = 6BCB12FF1C69370600CBCC3E /* LexerPopModeAction.swift */; };
		6BCB139D1C69370600CBCC3E /* LexerNoViableAltException.swift in Sources */ = {isa = PBXBuildFile; fileRef = 6BCB13001C69370600CBCC3E /* LexerNoViableAltException.swift */; };
		6BCB139E1C69370600CBCC3E /* LexerMoreAction.swift in Sources */ = {isa = PBXBuildFile; fileRef = 6BCB13011C69370600CBCC3E /* LexerMoreAction.swift */; };
		6BCB139F1C69370600CBCC3E /* LexerModeAction.swift in Sources */ = {isa = PBXBuildFile; fileRef = 6BCB13021C69370600CBCC3E /* LexerModeAction.swift */; };
		6BCB13A01C69370600CBCC3E /* LexerInterpreter.swift in Sources */ = {isa = PBXBuildFile; fileRef = 6BCB13031C69370600CBCC3E /* LexerInterpreter.swift */; };
		6BCB13A11C69370600CBCC3E /* LexerIndexedCustomAction.swift in Sources */ = {isa = PBXBuildFile; fileRef = 6BCB13041C69370600CBCC3E /* LexerIndexedCustomAction.swift */; };
		6BCB13A21C69370600CBCC3E /* LexerDFASerializer.swift in Sources */ = {isa = PBXBuildFile; fileRef = 6BCB13051C69370600CBCC3E /* LexerDFASerializer.swift */; };
		6BCB13A31C69370600CBCC3E /* LexerCustomAction.swift in Sources */ = {isa = PBXBuildFile; fileRef = 6BCB13061C69370600CBCC3E /* LexerCustomAction.swift */; };
		6BCB13A41C69370600CBCC3E /* LexerChannelAction.swift in Sources */ = {isa = PBXBuildFile; fileRef = 6BCB13071C69370600CBCC3E /* LexerChannelAction.swift */; };
		6BCB13A51C69370600CBCC3E /* LexerATNSimulator.swift in Sources */ = {isa = PBXBuildFile; fileRef = 6BCB13081C69370600CBCC3E /* LexerATNSimulator.swift */; };
		6BCB13A61C69370600CBCC3E /* LexerATNConfig.swift in Sources */ = {isa = PBXBuildFile; fileRef = 6BCB13091C69370600CBCC3E /* LexerATNConfig.swift */; };
		6BCB13A71C69370600CBCC3E /* LexerActionType.swift in Sources */ = {isa = PBXBuildFile; fileRef = 6BCB130A1C69370600CBCC3E /* LexerActionType.swift */; };
		6BCB13A81C69370600CBCC3E /* LexerActionExecutor.swift in Sources */ = {isa = PBXBuildFile; fileRef = 6BCB130B1C69370600CBCC3E /* LexerActionExecutor.swift */; };
		6BCB13A91C69370600CBCC3E /* LexerAction.swift in Sources */ = {isa = PBXBuildFile; fileRef = 6BCB130C1C69370600CBCC3E /* LexerAction.swift */; };
		6BCB13AA1C69370600CBCC3E /* Lexer.swift in Sources */ = {isa = PBXBuildFile; fileRef = 6BCB130D1C69370600CBCC3E /* Lexer.swift */; };
		6BCB13AB1C69370600CBCC3E /* IntStreamExtension.swift in Sources */ = {isa = PBXBuildFile; fileRef = 6BCB130E1C69370600CBCC3E /* IntStreamExtension.swift */; };
		6BCB13AC1C69370600CBCC3E /* IntStream.swift in Sources */ = {isa = PBXBuildFile; fileRef = 6BCB130F1C69370600CBCC3E /* IntStream.swift */; };
		6BCB13AD1C69370600CBCC3E /* IntSet.swift in Sources */ = {isa = PBXBuildFile; fileRef = 6BCB13101C69370600CBCC3E /* IntSet.swift */; };
		6BCB13AE1C69370600CBCC3E /* IntervalSet.swift in Sources */ = {isa = PBXBuildFile; fileRef = 6BCB13111C69370600CBCC3E /* IntervalSet.swift */; };
		6BCB13AF1C69370600CBCC3E /* Interval.swift in Sources */ = {isa = PBXBuildFile; fileRef = 6BCB13121C69370600CBCC3E /* Interval.swift */; };
		6BCB13B01C69370600CBCC3E /* InterpreterRuleContext.swift in Sources */ = {isa = PBXBuildFile; fileRef = 6BCB13131C69370600CBCC3E /* InterpreterRuleContext.swift */; };
		6BCB13B11C69370600CBCC3E /* InputMismatchException.swift in Sources */ = {isa = PBXBuildFile; fileRef = 6BCB13141C69370600CBCC3E /* InputMismatchException.swift */; };
		6BCB13B21C69370600CBCC3E /* FailedPredicateException.swift in Sources */ = {isa = PBXBuildFile; fileRef = 6BCB13151C69370600CBCC3E /* FailedPredicateException.swift */; };
		6BCB13B31C69370600CBCC3E /* ErrorNode.swift in Sources */ = {isa = PBXBuildFile; fileRef = 6BCB13161C69370600CBCC3E /* ErrorNode.swift */; };
		6BCB13B41C69370600CBCC3E /* ErrorInfo.swift in Sources */ = {isa = PBXBuildFile; fileRef = 6BCB13171C69370600CBCC3E /* ErrorInfo.swift */; };
		6BCB13B51C69370600CBCC3E /* EpsilonTransition.swift in Sources */ = {isa = PBXBuildFile; fileRef = 6BCB13181C69370600CBCC3E /* EpsilonTransition.swift */; };
		6BCB13B61C69370600CBCC3E /* EmptyPredictionContext.swift in Sources */ = {isa = PBXBuildFile; fileRef = 6BCB13191C69370600CBCC3E /* EmptyPredictionContext.swift */; };
		6BCB13B71C69370600CBCC3E /* DoubleKeyMap.swift in Sources */ = {isa = PBXBuildFile; fileRef = 6BCB131A1C69370600CBCC3E /* DoubleKeyMap.swift */; };
		6BCB13B81C69370600CBCC3E /* DiagnosticErrorListener.swift in Sources */ = {isa = PBXBuildFile; fileRef = 6BCB131B1C69370600CBCC3E /* DiagnosticErrorListener.swift */; };
		6BCB13B91C69370600CBCC3E /* DFAState.swift in Sources */ = {isa = PBXBuildFile; fileRef = 6BCB131C1C69370600CBCC3E /* DFAState.swift */; };
		6BCB13BA1C69370600CBCC3E /* DFASerializer.swift in Sources */ = {isa = PBXBuildFile; fileRef = 6BCB131D1C69370600CBCC3E /* DFASerializer.swift */; };
		6BCB13BB1C69370600CBCC3E /* DFA.swift in Sources */ = {isa = PBXBuildFile; fileRef = 6BCB131E1C69370600CBCC3E /* DFA.swift */; };
		6BCB13BC1C69370600CBCC3E /* DefaultErrorStrategy.swift in Sources */ = {isa = PBXBuildFile; fileRef = 6BCB131F1C69370600CBCC3E /* DefaultErrorStrategy.swift */; };
		6BCB13BD1C69370600CBCC3E /* DefaultATNConfig.swift in Sources */ = {isa = PBXBuildFile; fileRef = 6BCB13201C69370600CBCC3E /* DefaultATNConfig.swift */; };
		6BCB13BE1C69370600CBCC3E /* DecisionState.swift in Sources */ = {isa = PBXBuildFile; fileRef = 6BCB13211C69370600CBCC3E /* DecisionState.swift */; };
		6BCB13BF1C69370600CBCC3E /* DecisionInfo.swift in Sources */ = {isa = PBXBuildFile; fileRef = 6BCB13221C69370600CBCC3E /* DecisionInfo.swift */; };
		6BCB13C01C69370600CBCC3E /* DecisionEventInfo.swift in Sources */ = {isa = PBXBuildFile; fileRef = 6BCB13231C69370600CBCC3E /* DecisionEventInfo.swift */; };
		6BCB13C11C69370600CBCC3E /* ContextSensitivityInfo.swift in Sources */ = {isa = PBXBuildFile; fileRef = 6BCB13241C69370600CBCC3E /* ContextSensitivityInfo.swift */; };
		6BCB13C21C69370600CBCC3E /* ConsoleErrorListener.swift in Sources */ = {isa = PBXBuildFile; fileRef = 6BCB13251C69370600CBCC3E /* ConsoleErrorListener.swift */; };
		6BCB13C31C69370600CBCC3E /* CommonUtil.swift in Sources */ = {isa = PBXBuildFile; fileRef = 6BCB13261C69370600CBCC3E /* CommonUtil.swift */; };
		6BCB13C41C69370600CBCC3E /* CommonTokenStream.swift in Sources */ = {isa = PBXBuildFile; fileRef = 6BCB13271C69370600CBCC3E /* CommonTokenStream.swift */; };
		6BCB13C51C69370600CBCC3E /* CommonTokenFactory.swift in Sources */ = {isa = PBXBuildFile; fileRef = 6BCB13281C69370600CBCC3E /* CommonTokenFactory.swift */; };
		6BCB13C61C69370600CBCC3E /* CommonToken.swift in Sources */ = {isa = PBXBuildFile; fileRef = 6BCB13291C69370600CBCC3E /* CommonToken.swift */; };
		6BCB13C71C69370600CBCC3E /* Chunk.swift in Sources */ = {isa = PBXBuildFile; fileRef = 6BCB132A1C69370600CBCC3E /* Chunk.swift */; };
		6BCB13C81C69370600CBCC3E /* CharStream.swift in Sources */ = {isa = PBXBuildFile; fileRef = 6BCB132B1C69370600CBCC3E /* CharStream.swift */; };
		6BCB13C91C69370600CBCC3E /* CharacterEextension.swift in Sources */ = {isa = PBXBuildFile; fileRef = 6BCB132C1C69370600CBCC3E /* CharacterEextension.swift */; };
		6BCB13CA1C69370600CBCC3E /* BufferedTokenStream.swift in Sources */ = {isa = PBXBuildFile; fileRef = 6BCB132D1C69370600CBCC3E /* BufferedTokenStream.swift */; };
		6BCB13CB1C69370600CBCC3E /* BlockStartState.swift in Sources */ = {isa = PBXBuildFile; fileRef = 6BCB132E1C69370600CBCC3E /* BlockStartState.swift */; };
		6BCB13CC1C69370600CBCC3E /* BlockEndState.swift in Sources */ = {isa = PBXBuildFile; fileRef = 6BCB132F1C69370600CBCC3E /* BlockEndState.swift */; };
		6BCB13CD1C69370600CBCC3E /* BitSet.swift in Sources */ = {isa = PBXBuildFile; fileRef = 6BCB13301C69370600CBCC3E /* BitSet.swift */; };
		6BCB13CE1C69370600CBCC3E /* BasicState.swift in Sources */ = {isa = PBXBuildFile; fileRef = 6BCB13311C69370600CBCC3E /* BasicState.swift */; };
		6BCB13CF1C69370600CBCC3E /* BasicBlockStartState.swift in Sources */ = {isa = PBXBuildFile; fileRef = 6BCB13321C69370600CBCC3E /* BasicBlockStartState.swift */; };
		6BCB13D01C69370600CBCC3E /* BaseErrorListener.swift in Sources */ = {isa = PBXBuildFile; fileRef = 6BCB13331C69370600CBCC3E /* BaseErrorListener.swift */; };
		6BCB13D11C69370600CBCC3E /* BailErrorStrategy.swift in Sources */ = {isa = PBXBuildFile; fileRef = 6BCB13341C69370600CBCC3E /* BailErrorStrategy.swift */; };
		6BCB13D21C69370600CBCC3E /* AtomTransition.swift in Sources */ = {isa = PBXBuildFile; fileRef = 6BCB13351C69370600CBCC3E /* AtomTransition.swift */; };
		6BCB13D31C69370600CBCC3E /* ATNType.swift in Sources */ = {isa = PBXBuildFile; fileRef = 6BCB13361C69370600CBCC3E /* ATNType.swift */; };
		6BCB13D41C69370600CBCC3E /* ATNState.swift in Sources */ = {isa = PBXBuildFile; fileRef = 6BCB13371C69370600CBCC3E /* ATNState.swift */; };
		6BCB13D51C69370600CBCC3E /* ATNSimulator.swift in Sources */ = {isa = PBXBuildFile; fileRef = 6BCB13381C69370600CBCC3E /* ATNSimulator.swift */; };
		6BCB13D61C69370600CBCC3E /* ATNDeserializer.swift in Sources */ = {isa = PBXBuildFile; fileRef = 6BCB13391C69370600CBCC3E /* ATNDeserializer.swift */; };
		6BCB13D71C69370600CBCC3E /* ATNDeserializationOptions.swift in Sources */ = {isa = PBXBuildFile; fileRef = 6BCB133A1C69370600CBCC3E /* ATNDeserializationOptions.swift */; };
		6BCB13D81C69370600CBCC3E /* ATNConfigSet.swift in Sources */ = {isa = PBXBuildFile; fileRef = 6BCB133B1C69370600CBCC3E /* ATNConfigSet.swift */; };
		6BCB13D91C69370600CBCC3E /* ATNConfig.swift in Sources */ = {isa = PBXBuildFile; fileRef = 6BCB133C1C69370600CBCC3E /* ATNConfig.swift */; };
		6BCB13DA1C69370600CBCC3E /* ATN.swift in Sources */ = {isa = PBXBuildFile; fileRef = 6BCB133D1C69370600CBCC3E /* ATN.swift */; };
		6BCB13DB1C69370600CBCC3E /* ArrayPredictionContext.swift in Sources */ = {isa = PBXBuildFile; fileRef = 6BCB133E1C69370600CBCC3E /* ArrayPredictionContext.swift */; };
		6BCB13DC1C69370600CBCC3E /* ArrayExtension.swift in Sources */ = {isa = PBXBuildFile; fileRef = 6BCB133F1C69370600CBCC3E /* ArrayExtension.swift */; };
		6BCB13DD1C69370600CBCC3E /* ANTLRInputStream.swift in Sources */ = {isa = PBXBuildFile; fileRef = 6BCB13401C69370600CBCC3E /* ANTLRInputStream.swift */; };
		6BCB13DE1C69370600CBCC3E /* ANTLRFileStream.swift in Sources */ = {isa = PBXBuildFile; fileRef = 6BCB13411C69370600CBCC3E /* ANTLRFileStream.swift */; };
		6BCB13DF1C69370600CBCC3E /* ANTLRException.swift in Sources */ = {isa = PBXBuildFile; fileRef = 6BCB13421C69370600CBCC3E /* ANTLRException.swift */; };
		6BCB13E01C69370600CBCC3E /* ANTLRErrorStrategy.swift in Sources */ = {isa = PBXBuildFile; fileRef = 6BCB13431C69370600CBCC3E /* ANTLRErrorStrategy.swift */; };
		6BCB13E11C69370600CBCC3E /* ANTLRErrorListener.swift in Sources */ = {isa = PBXBuildFile; fileRef = 6BCB13441C69370600CBCC3E /* ANTLRErrorListener.swift */; };
		6BCB13E21C69370600CBCC3E /* ANTLRError.swift in Sources */ = {isa = PBXBuildFile; fileRef = 6BCB13451C69370600CBCC3E /* ANTLRError.swift */; };
		6BCB13E31C69370600CBCC3E /* AmbiguityInfo.swift in Sources */ = {isa = PBXBuildFile; fileRef = 6BCB13461C69370600CBCC3E /* AmbiguityInfo.swift */; };
		6BCB13E41C69370600CBCC3E /* ActionTransition.swift in Sources */ = {isa = PBXBuildFile; fileRef = 6BCB13471C69370600CBCC3E /* ActionTransition.swift */; };
		6BCB13E51C69370600CBCC3E /* AbstractPredicateTransition.swift in Sources */ = {isa = PBXBuildFile; fileRef = 6BCB13481C69370600CBCC3E /* AbstractPredicateTransition.swift */; };
		6BCB13E61C69370600CBCC3E /* AbstractParseTreeVisitor.swift in Sources */ = {isa = PBXBuildFile; fileRef = 6BCB13491C69370600CBCC3E /* AbstractParseTreeVisitor.swift */; };
		F9A423011BCCD5E600A9CD35 /* Info-IOS.plist in Resources */ = {isa = PBXBuildFile; fileRef = F9A423001BCCD5E600A9CD35 /* Info-IOS.plist */; };
		F9A424AB1BCD348C00A9CD35 /* Antlr4Tests.swift in Sources */ = {isa = PBXBuildFile; fileRef = F9A424AA1BCD348C00A9CD35 /* Antlr4Tests.swift */; };
		F9A424AD1BCD348C00A9CD35 /* Antlr4.framework in Frameworks */ = {isa = PBXBuildFile; fileRef = F9A4211C1BCCC35000A9CD35 /* Antlr4.framework */; };
		F9A424B41BCD357800A9CD35 /* BaseTest.swift in Sources */ = {isa = PBXBuildFile; fileRef = F9A424B31BCD357800A9CD35 /* BaseTest.swift */; };
/* End PBXBuildFile section */

/* Begin PBXContainerItemProxy section */
		F9A424AE1BCD348C00A9CD35 /* PBXContainerItemProxy */ = {
			isa = PBXContainerItemProxy;
			containerPortal = F9A421131BCCC35000A9CD35 /* Project object */;
			proxyType = 1;
			remoteGlobalIDString = F9A4211B1BCCC35000A9CD35;
			remoteInfo = "Antlr4 OSX";
		};
/* End PBXContainerItemProxy section */

/* Begin PBXFileReference section */
		6BCB12AD1C69370600CBCC3E /* WritableToken.swift */ = {isa = PBXFileReference; fileEncoding = 4; lastKnownFileType = sourcecode.swift; name = WritableToken.swift; path = Sources/WritableToken.swift; sourceTree = "<group>"; };
		6BCB12AE1C69370600CBCC3E /* WildcardTransition.swift */ = {isa = PBXFileReference; fileEncoding = 4; lastKnownFileType = sourcecode.swift; name = WildcardTransition.swift; path = Sources/WildcardTransition.swift; sourceTree = "<group>"; };
		6BCB12AF1C69370600CBCC3E /* WeakKeyDictionary.swift */ = {isa = PBXFileReference; fileEncoding = 4; lastKnownFileType = sourcecode.swift; name = WeakKeyDictionary.swift; path = Sources/WeakKeyDictionary.swift; sourceTree = "<group>"; };
		6BCB12B01C69370600CBCC3E /* WeakHashMap.swift */ = {isa = PBXFileReference; fileEncoding = 4; lastKnownFileType = sourcecode.swift; name = WeakHashMap.swift; path = Sources/WeakHashMap.swift; sourceTree = "<group>"; };
		6BCB12B11C69370600CBCC3E /* VocabularySingle.swift */ = {isa = PBXFileReference; fileEncoding = 4; lastKnownFileType = sourcecode.swift; name = VocabularySingle.swift; path = Sources/VocabularySingle.swift; sourceTree = "<group>"; };
		6BCB12B21C69370600CBCC3E /* Utils.swift */ = {isa = PBXFileReference; fileEncoding = 4; lastKnownFileType = sourcecode.swift; name = Utils.swift; path = Sources/Utils.swift; sourceTree = "<group>"; };
		6BCB12B31C69370600CBCC3E /* UnbufferedTokenStream.swift */ = {isa = PBXFileReference; fileEncoding = 4; lastKnownFileType = sourcecode.swift; name = UnbufferedTokenStream.swift; path = Sources/UnbufferedTokenStream.swift; sourceTree = "<group>"; };
		6BCB12B41C69370600CBCC3E /* Triple.swift */ = {isa = PBXFileReference; fileEncoding = 4; lastKnownFileType = sourcecode.swift; name = Triple.swift; path = Sources/Triple.swift; sourceTree = "<group>"; };
		6BCB12B51C69370600CBCC3E /* Trees.swift */ = {isa = PBXFileReference; fileEncoding = 4; lastKnownFileType = sourcecode.swift; name = Trees.swift; path = Sources/Trees.swift; sourceTree = "<group>"; };
		6BCB12B61C69370600CBCC3E /* Tree.swift */ = {isa = PBXFileReference; fileEncoding = 4; lastKnownFileType = sourcecode.swift; name = Tree.swift; path = Sources/Tree.swift; sourceTree = "<group>"; };
		6BCB12B71C69370600CBCC3E /* Transition.swift */ = {isa = PBXFileReference; fileEncoding = 4; lastKnownFileType = sourcecode.swift; name = Transition.swift; path = Sources/Transition.swift; sourceTree = "<group>"; };
		6BCB12B81C69370600CBCC3E /* TokenTagToken.swift */ = {isa = PBXFileReference; fileEncoding = 4; lastKnownFileType = sourcecode.swift; name = TokenTagToken.swift; path = Sources/TokenTagToken.swift; sourceTree = "<group>"; };
		6BCB12B91C69370600CBCC3E /* TokenStreamRewriter.swift */ = {isa = PBXFileReference; fileEncoding = 4; lastKnownFileType = sourcecode.swift; name = TokenStreamRewriter.swift; path = Sources/TokenStreamRewriter.swift; sourceTree = "<group>"; };
		6BCB12BA1C69370600CBCC3E /* TokenStream.swift */ = {isa = PBXFileReference; fileEncoding = 4; lastKnownFileType = sourcecode.swift; name = TokenStream.swift; path = Sources/TokenStream.swift; sourceTree = "<group>"; };
		6BCB12BB1C69370600CBCC3E /* TokensStartState.swift */ = {isa = PBXFileReference; fileEncoding = 4; lastKnownFileType = sourcecode.swift; name = TokensStartState.swift; path = Sources/TokensStartState.swift; sourceTree = "<group>"; };
		6BCB12BC1C69370600CBCC3E /* TokenSource.swift */ = {isa = PBXFileReference; fileEncoding = 4; lastKnownFileType = sourcecode.swift; name = TokenSource.swift; path = Sources/TokenSource.swift; sourceTree = "<group>"; };
		6BCB12BD1C69370600CBCC3E /* TokenFactory.swift */ = {isa = PBXFileReference; fileEncoding = 4; lastKnownFileType = sourcecode.swift; name = TokenFactory.swift; path = Sources/TokenFactory.swift; sourceTree = "<group>"; };
		6BCB12BE1C69370600CBCC3E /* TokenExtension.swift */ = {isa = PBXFileReference; fileEncoding = 4; lastKnownFileType = sourcecode.swift; name = TokenExtension.swift; path = Sources/TokenExtension.swift; sourceTree = "<group>"; };
		6BCB12BF1C69370600CBCC3E /* Token.swift */ = {isa = PBXFileReference; fileEncoding = 4; lastKnownFileType = sourcecode.swift; name = Token.swift; path = Sources/Token.swift; sourceTree = "<group>"; };
		6BCB12C01C69370600CBCC3E /* TextChunk.swift */ = {isa = PBXFileReference; fileEncoding = 4; lastKnownFileType = sourcecode.swift; name = TextChunk.swift; path = Sources/TextChunk.swift; sourceTree = "<group>"; };
		6BCB12C11C69370600CBCC3E /* TerminalNodeImpl.swift */ = {isa = PBXFileReference; fileEncoding = 4; lastKnownFileType = sourcecode.swift; name = TerminalNodeImpl.swift; path = Sources/TerminalNodeImpl.swift; sourceTree = "<group>"; };
		6BCB12C21C69370600CBCC3E /* TerminalNode.swift */ = {isa = PBXFileReference; fileEncoding = 4; lastKnownFileType = sourcecode.swift; name = TerminalNode.swift; path = Sources/TerminalNode.swift; sourceTree = "<group>"; };
		6BCB12C31C69370600CBCC3E /* TagChunk.swift */ = {isa = PBXFileReference; fileEncoding = 4; lastKnownFileType = sourcecode.swift; name = TagChunk.swift; path = Sources/TagChunk.swift; sourceTree = "<group>"; };
		6BCB12C41C69370600CBCC3E /* SyntaxTree.swift */ = {isa = PBXFileReference; fileEncoding = 4; lastKnownFileType = sourcecode.swift; name = SyntaxTree.swift; path = Sources/SyntaxTree.swift; sourceTree = "<group>"; };
		6BCB12C51C69370600CBCC3E /* StringBuilder.swift */ = {isa = PBXFileReference; fileEncoding = 4; lastKnownFileType = sourcecode.swift; name = StringBuilder.swift; path = Sources/StringBuilder.swift; sourceTree = "<group>"; };
		6BCB12C61C69370600CBCC3E /* StirngExtension.swift */ = {isa = PBXFileReference; fileEncoding = 4; lastKnownFileType = sourcecode.swift; name = StirngExtension.swift; path = Sources/StirngExtension.swift; sourceTree = "<group>"; };
		6BCB12C71C69370600CBCC3E /* StarLoopEntryState.swift */ = {isa = PBXFileReference; fileEncoding = 4; lastKnownFileType = sourcecode.swift; name = StarLoopEntryState.swift; path = Sources/StarLoopEntryState.swift; sourceTree = "<group>"; };
		6BCB12C81C69370600CBCC3E /* StarLoopbackState.swift */ = {isa = PBXFileReference; fileEncoding = 4; lastKnownFileType = sourcecode.swift; name = StarLoopbackState.swift; path = Sources/StarLoopbackState.swift; sourceTree = "<group>"; };
		6BCB12C91C69370600CBCC3E /* StarBlockStartState.swift */ = {isa = PBXFileReference; fileEncoding = 4; lastKnownFileType = sourcecode.swift; name = StarBlockStartState.swift; path = Sources/StarBlockStartState.swift; sourceTree = "<group>"; };
		6BCB12CA1C69370600CBCC3E /* Stack.swift */ = {isa = PBXFileReference; fileEncoding = 4; lastKnownFileType = sourcecode.swift; name = Stack.swift; path = Sources/Stack.swift; sourceTree = "<group>"; };
		6BCB12CB1C69370600CBCC3E /* SingletonPredictionContext.swift */ = {isa = PBXFileReference; fileEncoding = 4; lastKnownFileType = sourcecode.swift; name = SingletonPredictionContext.swift; path = Sources/SingletonPredictionContext.swift; sourceTree = "<group>"; };
		6BCB12CC1C69370600CBCC3E /* SetTransition.swift */ = {isa = PBXFileReference; fileEncoding = 4; lastKnownFileType = sourcecode.swift; name = SetTransition.swift; path = Sources/SetTransition.swift; sourceTree = "<group>"; };
		6BCB12CD1C69370600CBCC3E /* SemanticContext.swift */ = {isa = PBXFileReference; fileEncoding = 4; lastKnownFileType = sourcecode.swift; name = SemanticContext.swift; path = Sources/SemanticContext.swift; sourceTree = "<group>"; };
		6BCB12CE1C69370600CBCC3E /* RuntimeMetaData.swift */ = {isa = PBXFileReference; fileEncoding = 4; lastKnownFileType = sourcecode.swift; name = RuntimeMetaData.swift; path = Sources/RuntimeMetaData.swift; sourceTree = "<group>"; };
		6BCB12CF1C69370600CBCC3E /* RuleTransition.swift */ = {isa = PBXFileReference; fileEncoding = 4; lastKnownFileType = sourcecode.swift; name = RuleTransition.swift; path = Sources/RuleTransition.swift; sourceTree = "<group>"; };
		6BCB12D01C69370600CBCC3E /* RuleTagToken.swift */ = {isa = PBXFileReference; fileEncoding = 4; lastKnownFileType = sourcecode.swift; name = RuleTagToken.swift; path = Sources/RuleTagToken.swift; sourceTree = "<group>"; };
		6BCB12D11C69370600CBCC3E /* RuleStopState.swift */ = {isa = PBXFileReference; fileEncoding = 4; lastKnownFileType = sourcecode.swift; name = RuleStopState.swift; path = Sources/RuleStopState.swift; sourceTree = "<group>"; };
		6BCB12D21C69370600CBCC3E /* RuleStartState.swift */ = {isa = PBXFileReference; fileEncoding = 4; lastKnownFileType = sourcecode.swift; name = RuleStartState.swift; path = Sources/RuleStartState.swift; sourceTree = "<group>"; };
		6BCB12D31C69370600CBCC3E /* RuleNode.swift */ = {isa = PBXFileReference; fileEncoding = 4; lastKnownFileType = sourcecode.swift; name = RuleNode.swift; path = Sources/RuleNode.swift; sourceTree = "<group>"; };
		6BCB12D41C69370600CBCC3E /* RuleContext.swift */ = {isa = PBXFileReference; fileEncoding = 4; lastKnownFileType = sourcecode.swift; name = RuleContext.swift; path = Sources/RuleContext.swift; sourceTree = "<group>"; };
		6BCB12D51C69370600CBCC3E /* Recognizer.swift */ = {isa = PBXFileReference; fileEncoding = 4; lastKnownFileType = sourcecode.swift; name = Recognizer.swift; path = Sources/Recognizer.swift; sourceTree = "<group>"; };
		6BCB12D61C69370600CBCC3E /* RecognitionException.swift */ = {isa = PBXFileReference; fileEncoding = 4; lastKnownFileType = sourcecode.swift; name = RecognitionException.swift; path = Sources/RecognitionException.swift; sourceTree = "<group>"; };
		6BCB12D71C69370600CBCC3E /* RangeTransition.swift */ = {isa = PBXFileReference; fileEncoding = 4; lastKnownFileType = sourcecode.swift; name = RangeTransition.swift; path = Sources/RangeTransition.swift; sourceTree = "<group>"; };
		6BCB12D81C69370600CBCC3E /* ProxyErrorListener.swift */ = {isa = PBXFileReference; fileEncoding = 4; lastKnownFileType = sourcecode.swift; name = ProxyErrorListener.swift; path = Sources/ProxyErrorListener.swift; sourceTree = "<group>"; };
		6BCB12D91C69370600CBCC3E /* ProfilingATNSimulator.swift */ = {isa = PBXFileReference; fileEncoding = 4; lastKnownFileType = sourcecode.swift; name = ProfilingATNSimulator.swift; path = Sources/ProfilingATNSimulator.swift; sourceTree = "<group>"; };
		6BCB12DA1C69370600CBCC3E /* PredictionMode.swift */ = {isa = PBXFileReference; fileEncoding = 4; lastKnownFileType = sourcecode.swift; name = PredictionMode.swift; path = Sources/PredictionMode.swift; sourceTree = "<group>"; };
		6BCB12DB1C69370600CBCC3E /* PredictionContextCache.swift */ = {isa = PBXFileReference; fileEncoding = 4; lastKnownFileType = sourcecode.swift; name = PredictionContextCache.swift; path = Sources/PredictionContextCache.swift; sourceTree = "<group>"; };
		6BCB12DC1C69370600CBCC3E /* PredictionContext.swift */ = {isa = PBXFileReference; fileEncoding = 4; lastKnownFileType = sourcecode.swift; name = PredictionContext.swift; path = Sources/PredictionContext.swift; sourceTree = "<group>"; };
		6BCB12DD1C69370600CBCC3E /* PredicateTransition.swift */ = {isa = PBXFileReference; fileEncoding = 4; lastKnownFileType = sourcecode.swift; name = PredicateTransition.swift; path = Sources/PredicateTransition.swift; sourceTree = "<group>"; };
		6BCB12DE1C69370600CBCC3E /* PredicateEvalInfo.swift */ = {isa = PBXFileReference; fileEncoding = 4; lastKnownFileType = sourcecode.swift; name = PredicateEvalInfo.swift; path = Sources/PredicateEvalInfo.swift; sourceTree = "<group>"; };
		6BCB12DF1C69370600CBCC3E /* PrecedencePredicateTransition.swift */ = {isa = PBXFileReference; fileEncoding = 4; lastKnownFileType = sourcecode.swift; name = PrecedencePredicateTransition.swift; path = Sources/PrecedencePredicateTransition.swift; sourceTree = "<group>"; };
		6BCB12E01C69370600CBCC3E /* PlusLoopbackState.swift */ = {isa = PBXFileReference; fileEncoding = 4; lastKnownFileType = sourcecode.swift; name = PlusLoopbackState.swift; path = Sources/PlusLoopbackState.swift; sourceTree = "<group>"; };
		6BCB12E11C69370600CBCC3E /* PlusBlockStartState.swift */ = {isa = PBXFileReference; fileEncoding = 4; lastKnownFileType = sourcecode.swift; name = PlusBlockStartState.swift; path = Sources/PlusBlockStartState.swift; sourceTree = "<group>"; };
		6BCB12E21C69370600CBCC3E /* ParseTreeWalker.swift */ = {isa = PBXFileReference; fileEncoding = 4; lastKnownFileType = sourcecode.swift; name = ParseTreeWalker.swift; path = Sources/ParseTreeWalker.swift; sourceTree = "<group>"; };
		6BCB12E31C69370600CBCC3E /* ParseTreeVisitor.swift */ = {isa = PBXFileReference; fileEncoding = 4; lastKnownFileType = sourcecode.swift; name = ParseTreeVisitor.swift; path = Sources/ParseTreeVisitor.swift; sourceTree = "<group>"; };
		6BCB12E41C69370600CBCC3E /* ParseTreePatternMatcher.swift */ = {isa = PBXFileReference; fileEncoding = 4; lastKnownFileType = sourcecode.swift; name = ParseTreePatternMatcher.swift; path = Sources/ParseTreePatternMatcher.swift; sourceTree = "<group>"; };
		6BCB12E51C69370600CBCC3E /* ParseTreePattern.swift */ = {isa = PBXFileReference; fileEncoding = 4; lastKnownFileType = sourcecode.swift; name = ParseTreePattern.swift; path = Sources/ParseTreePattern.swift; sourceTree = "<group>"; };
		6BCB12E61C69370600CBCC3E /* ParseTreeMatch.swift */ = {isa = PBXFileReference; fileEncoding = 4; lastKnownFileType = sourcecode.swift; name = ParseTreeMatch.swift; path = Sources/ParseTreeMatch.swift; sourceTree = "<group>"; };
		6BCB12E71C69370600CBCC3E /* ParseTreeListener.swift */ = {isa = PBXFileReference; fileEncoding = 4; lastKnownFileType = sourcecode.swift; name = ParseTreeListener.swift; path = Sources/ParseTreeListener.swift; sourceTree = "<group>"; };
		6BCB12E81C69370600CBCC3E /* ParseTree.swift */ = {isa = PBXFileReference; fileEncoding = 4; lastKnownFileType = sourcecode.swift; name = ParseTree.swift; path = Sources/ParseTree.swift; sourceTree = "<group>"; };
		6BCB12E91C69370600CBCC3E /* ParserRuleContext.swift */ = {isa = PBXFileReference; fileEncoding = 4; lastKnownFileType = sourcecode.swift; name = ParserRuleContext.swift; path = Sources/ParserRuleContext.swift; sourceTree = "<group>"; };
		6BCB12EA1C69370600CBCC3E /* ParserInterpreter.swift */ = {isa = PBXFileReference; fileEncoding = 4; lastKnownFileType = sourcecode.swift; name = ParserInterpreter.swift; path = Sources/ParserInterpreter.swift; sourceTree = "<group>"; };
		6BCB12EB1C69370600CBCC3E /* ParserATNSimulator.swift */ = {isa = PBXFileReference; fileEncoding = 4; lastKnownFileType = sourcecode.swift; name = ParserATNSimulator.swift; path = Sources/ParserATNSimulator.swift; sourceTree = "<group>"; };
		6BCB12EC1C69370600CBCC3E /* Parser.swift */ = {isa = PBXFileReference; fileEncoding = 4; lastKnownFileType = sourcecode.swift; name = Parser.swift; path = Sources/Parser.swift; sourceTree = "<group>"; };
		6BCB12ED1C69370600CBCC3E /* ParseInfo.swift */ = {isa = PBXFileReference; fileEncoding = 4; lastKnownFileType = sourcecode.swift; name = ParseInfo.swift; path = Sources/ParseInfo.swift; sourceTree = "<group>"; };
		6BCB12EE1C69370600CBCC3E /* OrderedATNConfigSet.swift */ = {isa = PBXFileReference; fileEncoding = 4; lastKnownFileType = sourcecode.swift; name = OrderedATNConfigSet.swift; path = Sources/OrderedATNConfigSet.swift; sourceTree = "<group>"; };
		6BCB12EF1C69370600CBCC3E /* OrderedATNConfig.swift */ = {isa = PBXFileReference; fileEncoding = 4; lastKnownFileType = sourcecode.swift; name = OrderedATNConfig.swift; path = Sources/OrderedATNConfig.swift; sourceTree = "<group>"; };
		6BCB12F01C69370600CBCC3E /* NSUUIDExtension.swift */ = {isa = PBXFileReference; fileEncoding = 4; lastKnownFileType = sourcecode.swift; name = NSUUIDExtension.swift; path = Sources/NSUUIDExtension.swift; sourceTree = "<group>"; };
		6BCB12F11C69370600CBCC3E /* NSMapTableExtension.swift */ = {isa = PBXFileReference; fileEncoding = 4; lastKnownFileType = sourcecode.swift; name = NSMapTableExtension.swift; path = Sources/NSMapTableExtension.swift; sourceTree = "<group>"; };
		6BCB12F21C69370600CBCC3E /* NoViableAltException.swift */ = {isa = PBXFileReference; fileEncoding = 4; lastKnownFileType = sourcecode.swift; name = NoViableAltException.swift; path = Sources/NoViableAltException.swift; sourceTree = "<group>"; };
		6BCB12F31C69370600CBCC3E /* NotSetTransition.swift */ = {isa = PBXFileReference; fileEncoding = 4; lastKnownFileType = sourcecode.swift; name = NotSetTransition.swift; path = Sources/NotSetTransition.swift; sourceTree = "<group>"; };
		6BCB12F41C69370600CBCC3E /* MurmurHash.swift */ = {isa = PBXFileReference; fileEncoding = 4; lastKnownFileType = sourcecode.swift; name = MurmurHash.swift; path = Sources/MurmurHash.swift; sourceTree = "<group>"; };
		6BCB12F51C69370600CBCC3E /* MultiMap.swift */ = {isa = PBXFileReference; fileEncoding = 4; lastKnownFileType = sourcecode.swift; name = MultiMap.swift; path = Sources/MultiMap.swift; sourceTree = "<group>"; };
		6BCB12F61C69370600CBCC3E /* LoopEndState.swift */ = {isa = PBXFileReference; fileEncoding = 4; lastKnownFileType = sourcecode.swift; name = LoopEndState.swift; path = Sources/LoopEndState.swift; sourceTree = "<group>"; };
		6BCB12F71C69370600CBCC3E /* LookupDictionary.swift */ = {isa = PBXFileReference; fileEncoding = 4; lastKnownFileType = sourcecode.swift; name = LookupDictionary.swift; path = Sources/LookupDictionary.swift; sourceTree = "<group>"; };
		6BCB12F81C69370600CBCC3E /* LookupATNConfig.swift */ = {isa = PBXFileReference; fileEncoding = 4; lastKnownFileType = sourcecode.swift; name = LookupATNConfig.swift; path = Sources/LookupATNConfig.swift; sourceTree = "<group>"; };
		6BCB12F91C69370600CBCC3E /* LookaheadEventInfo.swift */ = {isa = PBXFileReference; fileEncoding = 4; lastKnownFileType = sourcecode.swift; name = LookaheadEventInfo.swift; path = Sources/LookaheadEventInfo.swift; sourceTree = "<group>"; };
		6BCB12FA1C69370600CBCC3E /* LL1Analyzer.swift */ = {isa = PBXFileReference; fileEncoding = 4; lastKnownFileType = sourcecode.swift; name = LL1Analyzer.swift; path = Sources/LL1Analyzer.swift; sourceTree = "<group>"; };
		6BCB12FB1C69370600CBCC3E /* ListTokenSource.swift */ = {isa = PBXFileReference; fileEncoding = 4; lastKnownFileType = sourcecode.swift; name = ListTokenSource.swift; path = Sources/ListTokenSource.swift; sourceTree = "<group>"; };
		6BCB12FC1C69370600CBCC3E /* LexerTypeAction.swift */ = {isa = PBXFileReference; fileEncoding = 4; lastKnownFileType = sourcecode.swift; name = LexerTypeAction.swift; path = Sources/LexerTypeAction.swift; sourceTree = "<group>"; };
		6BCB12FD1C69370600CBCC3E /* LexerSkipAction.swift */ = {isa = PBXFileReference; fileEncoding = 4; lastKnownFileType = sourcecode.swift; name = LexerSkipAction.swift; path = Sources/LexerSkipAction.swift; sourceTree = "<group>"; };
		6BCB12FE1C69370600CBCC3E /* LexerPushModeAction.swift */ = {isa = PBXFileReference; fileEncoding = 4; lastKnownFileType = sourcecode.swift; name = LexerPushModeAction.swift; path = Sources/LexerPushModeAction.swift; sourceTree = "<group>"; };
		6BCB12FF1C69370600CBCC3E /* LexerPopModeAction.swift */ = {isa = PBXFileReference; fileEncoding = 4; lastKnownFileType = sourcecode.swift; name = LexerPopModeAction.swift; path = Sources/LexerPopModeAction.swift; sourceTree = "<group>"; };
		6BCB13001C69370600CBCC3E /* LexerNoViableAltException.swift */ = {isa = PBXFileReference; fileEncoding = 4; lastKnownFileType = sourcecode.swift; name = LexerNoViableAltException.swift; path = Sources/LexerNoViableAltException.swift; sourceTree = "<group>"; };
		6BCB13011C69370600CBCC3E /* LexerMoreAction.swift */ = {isa = PBXFileReference; fileEncoding = 4; lastKnownFileType = sourcecode.swift; name = LexerMoreAction.swift; path = Sources/LexerMoreAction.swift; sourceTree = "<group>"; };
		6BCB13021C69370600CBCC3E /* LexerModeAction.swift */ = {isa = PBXFileReference; fileEncoding = 4; lastKnownFileType = sourcecode.swift; name = LexerModeAction.swift; path = Sources/LexerModeAction.swift; sourceTree = "<group>"; };
		6BCB13031C69370600CBCC3E /* LexerInterpreter.swift */ = {isa = PBXFileReference; fileEncoding = 4; lastKnownFileType = sourcecode.swift; name = LexerInterpreter.swift; path = Sources/LexerInterpreter.swift; sourceTree = "<group>"; };
		6BCB13041C69370600CBCC3E /* LexerIndexedCustomAction.swift */ = {isa = PBXFileReference; fileEncoding = 4; lastKnownFileType = sourcecode.swift; name = LexerIndexedCustomAction.swift; path = Sources/LexerIndexedCustomAction.swift; sourceTree = "<group>"; };
		6BCB13051C69370600CBCC3E /* LexerDFASerializer.swift */ = {isa = PBXFileReference; fileEncoding = 4; lastKnownFileType = sourcecode.swift; name = LexerDFASerializer.swift; path = Sources/LexerDFASerializer.swift; sourceTree = "<group>"; };
		6BCB13061C69370600CBCC3E /* LexerCustomAction.swift */ = {isa = PBXFileReference; fileEncoding = 4; lastKnownFileType = sourcecode.swift; name = LexerCustomAction.swift; path = Sources/LexerCustomAction.swift; sourceTree = "<group>"; };
		6BCB13071C69370600CBCC3E /* LexerChannelAction.swift */ = {isa = PBXFileReference; fileEncoding = 4; lastKnownFileType = sourcecode.swift; name = LexerChannelAction.swift; path = Sources/LexerChannelAction.swift; sourceTree = "<group>"; };
		6BCB13081C69370600CBCC3E /* LexerATNSimulator.swift */ = {isa = PBXFileReference; fileEncoding = 4; lastKnownFileType = sourcecode.swift; name = LexerATNSimulator.swift; path = Sources/LexerATNSimulator.swift; sourceTree = "<group>"; };
		6BCB13091C69370600CBCC3E /* LexerATNConfig.swift */ = {isa = PBXFileReference; fileEncoding = 4; lastKnownFileType = sourcecode.swift; name = LexerATNConfig.swift; path = Sources/LexerATNConfig.swift; sourceTree = "<group>"; };
		6BCB130A1C69370600CBCC3E /* LexerActionType.swift */ = {isa = PBXFileReference; fileEncoding = 4; lastKnownFileType = sourcecode.swift; name = LexerActionType.swift; path = Sources/LexerActionType.swift; sourceTree = "<group>"; };
		6BCB130B1C69370600CBCC3E /* LexerActionExecutor.swift */ = {isa = PBXFileReference; fileEncoding = 4; lastKnownFileType = sourcecode.swift; name = LexerActionExecutor.swift; path = Sources/LexerActionExecutor.swift; sourceTree = "<group>"; };
		6BCB130C1C69370600CBCC3E /* LexerAction.swift */ = {isa = PBXFileReference; fileEncoding = 4; lastKnownFileType = sourcecode.swift; name = LexerAction.swift; path = Sources/LexerAction.swift; sourceTree = "<group>"; };
		6BCB130D1C69370600CBCC3E /* Lexer.swift */ = {isa = PBXFileReference; fileEncoding = 4; lastKnownFileType = sourcecode.swift; name = Lexer.swift; path = Sources/Lexer.swift; sourceTree = "<group>"; };
		6BCB130E1C69370600CBCC3E /* IntStreamExtension.swift */ = {isa = PBXFileReference; fileEncoding = 4; lastKnownFileType = sourcecode.swift; name = IntStreamExtension.swift; path = Sources/IntStreamExtension.swift; sourceTree = "<group>"; };
		6BCB130F1C69370600CBCC3E /* IntStream.swift */ = {isa = PBXFileReference; fileEncoding = 4; lastKnownFileType = sourcecode.swift; name = IntStream.swift; path = Sources/IntStream.swift; sourceTree = "<group>"; };
		6BCB13101C69370600CBCC3E /* IntSet.swift */ = {isa = PBXFileReference; fileEncoding = 4; lastKnownFileType = sourcecode.swift; name = IntSet.swift; path = Sources/IntSet.swift; sourceTree = "<group>"; };
		6BCB13111C69370600CBCC3E /* IntervalSet.swift */ = {isa = PBXFileReference; fileEncoding = 4; lastKnownFileType = sourcecode.swift; name = IntervalSet.swift; path = Sources/IntervalSet.swift; sourceTree = "<group>"; };
		6BCB13121C69370600CBCC3E /* Interval.swift */ = {isa = PBXFileReference; fileEncoding = 4; lastKnownFileType = sourcecode.swift; name = Interval.swift; path = Sources/Interval.swift; sourceTree = "<group>"; };
		6BCB13131C69370600CBCC3E /* InterpreterRuleContext.swift */ = {isa = PBXFileReference; fileEncoding = 4; lastKnownFileType = sourcecode.swift; name = InterpreterRuleContext.swift; path = Sources/InterpreterRuleContext.swift; sourceTree = "<group>"; };
		6BCB13141C69370600CBCC3E /* InputMismatchException.swift */ = {isa = PBXFileReference; fileEncoding = 4; lastKnownFileType = sourcecode.swift; name = InputMismatchException.swift; path = Sources/InputMismatchException.swift; sourceTree = "<group>"; };
		6BCB13151C69370600CBCC3E /* FailedPredicateException.swift */ = {isa = PBXFileReference; fileEncoding = 4; lastKnownFileType = sourcecode.swift; name = FailedPredicateException.swift; path = Sources/FailedPredicateException.swift; sourceTree = "<group>"; };
		6BCB13161C69370600CBCC3E /* ErrorNode.swift */ = {isa = PBXFileReference; fileEncoding = 4; lastKnownFileType = sourcecode.swift; name = ErrorNode.swift; path = Sources/ErrorNode.swift; sourceTree = "<group>"; };
		6BCB13171C69370600CBCC3E /* ErrorInfo.swift */ = {isa = PBXFileReference; fileEncoding = 4; lastKnownFileType = sourcecode.swift; name = ErrorInfo.swift; path = Sources/ErrorInfo.swift; sourceTree = "<group>"; };
		6BCB13181C69370600CBCC3E /* EpsilonTransition.swift */ = {isa = PBXFileReference; fileEncoding = 4; lastKnownFileType = sourcecode.swift; name = EpsilonTransition.swift; path = Sources/EpsilonTransition.swift; sourceTree = "<group>"; };
		6BCB13191C69370600CBCC3E /* EmptyPredictionContext.swift */ = {isa = PBXFileReference; fileEncoding = 4; lastKnownFileType = sourcecode.swift; name = EmptyPredictionContext.swift; path = Sources/EmptyPredictionContext.swift; sourceTree = "<group>"; };
		6BCB131A1C69370600CBCC3E /* DoubleKeyMap.swift */ = {isa = PBXFileReference; fileEncoding = 4; lastKnownFileType = sourcecode.swift; name = DoubleKeyMap.swift; path = Sources/DoubleKeyMap.swift; sourceTree = "<group>"; };
		6BCB131B1C69370600CBCC3E /* DiagnosticErrorListener.swift */ = {isa = PBXFileReference; fileEncoding = 4; lastKnownFileType = sourcecode.swift; name = DiagnosticErrorListener.swift; path = Sources/DiagnosticErrorListener.swift; sourceTree = "<group>"; };
		6BCB131C1C69370600CBCC3E /* DFAState.swift */ = {isa = PBXFileReference; fileEncoding = 4; lastKnownFileType = sourcecode.swift; name = DFAState.swift; path = Sources/DFAState.swift; sourceTree = "<group>"; };
		6BCB131D1C69370600CBCC3E /* DFASerializer.swift */ = {isa = PBXFileReference; fileEncoding = 4; lastKnownFileType = sourcecode.swift; name = DFASerializer.swift; path = Sources/DFASerializer.swift; sourceTree = "<group>"; };
		6BCB131E1C69370600CBCC3E /* DFA.swift */ = {isa = PBXFileReference; fileEncoding = 4; lastKnownFileType = sourcecode.swift; name = DFA.swift; path = Sources/DFA.swift; sourceTree = "<group>"; };
		6BCB131F1C69370600CBCC3E /* DefaultErrorStrategy.swift */ = {isa = PBXFileReference; fileEncoding = 4; lastKnownFileType = sourcecode.swift; name = DefaultErrorStrategy.swift; path = Sources/DefaultErrorStrategy.swift; sourceTree = "<group>"; };
		6BCB13201C69370600CBCC3E /* DefaultATNConfig.swift */ = {isa = PBXFileReference; fileEncoding = 4; lastKnownFileType = sourcecode.swift; name = DefaultATNConfig.swift; path = Sources/DefaultATNConfig.swift; sourceTree = "<group>"; };
		6BCB13211C69370600CBCC3E /* DecisionState.swift */ = {isa = PBXFileReference; fileEncoding = 4; lastKnownFileType = sourcecode.swift; name = DecisionState.swift; path = Sources/DecisionState.swift; sourceTree = "<group>"; };
		6BCB13221C69370600CBCC3E /* DecisionInfo.swift */ = {isa = PBXFileReference; fileEncoding = 4; lastKnownFileType = sourcecode.swift; name = DecisionInfo.swift; path = Sources/DecisionInfo.swift; sourceTree = "<group>"; };
		6BCB13231C69370600CBCC3E /* DecisionEventInfo.swift */ = {isa = PBXFileReference; fileEncoding = 4; lastKnownFileType = sourcecode.swift; name = DecisionEventInfo.swift; path = Sources/DecisionEventInfo.swift; sourceTree = "<group>"; };
		6BCB13241C69370600CBCC3E /* ContextSensitivityInfo.swift */ = {isa = PBXFileReference; fileEncoding = 4; lastKnownFileType = sourcecode.swift; name = ContextSensitivityInfo.swift; path = Sources/ContextSensitivityInfo.swift; sourceTree = "<group>"; };
		6BCB13251C69370600CBCC3E /* ConsoleErrorListener.swift */ = {isa = PBXFileReference; fileEncoding = 4; lastKnownFileType = sourcecode.swift; name = ConsoleErrorListener.swift; path = Sources/ConsoleErrorListener.swift; sourceTree = "<group>"; };
		6BCB13261C69370600CBCC3E /* CommonUtil.swift */ = {isa = PBXFileReference; fileEncoding = 4; lastKnownFileType = sourcecode.swift; name = CommonUtil.swift; path = Sources/CommonUtil.swift; sourceTree = "<group>"; };
		6BCB13271C69370600CBCC3E /* CommonTokenStream.swift */ = {isa = PBXFileReference; fileEncoding = 4; lastKnownFileType = sourcecode.swift; name = CommonTokenStream.swift; path = Sources/CommonTokenStream.swift; sourceTree = "<group>"; };
		6BCB13281C69370600CBCC3E /* CommonTokenFactory.swift */ = {isa = PBXFileReference; fileEncoding = 4; lastKnownFileType = sourcecode.swift; name = CommonTokenFactory.swift; path = Sources/CommonTokenFactory.swift; sourceTree = "<group>"; };
		6BCB13291C69370600CBCC3E /* CommonToken.swift */ = {isa = PBXFileReference; fileEncoding = 4; lastKnownFileType = sourcecode.swift; name = CommonToken.swift; path = Sources/CommonToken.swift; sourceTree = "<group>"; };
		6BCB132A1C69370600CBCC3E /* Chunk.swift */ = {isa = PBXFileReference; fileEncoding = 4; lastKnownFileType = sourcecode.swift; name = Chunk.swift; path = Sources/Chunk.swift; sourceTree = "<group>"; };
		6BCB132B1C69370600CBCC3E /* CharStream.swift */ = {isa = PBXFileReference; fileEncoding = 4; lastKnownFileType = sourcecode.swift; name = CharStream.swift; path = Sources/CharStream.swift; sourceTree = "<group>"; };
		6BCB132C1C69370600CBCC3E /* CharacterEextension.swift */ = {isa = PBXFileReference; fileEncoding = 4; lastKnownFileType = sourcecode.swift; name = CharacterEextension.swift; path = Sources/CharacterEextension.swift; sourceTree = "<group>"; };
		6BCB132D1C69370600CBCC3E /* BufferedTokenStream.swift */ = {isa = PBXFileReference; fileEncoding = 4; lastKnownFileType = sourcecode.swift; name = BufferedTokenStream.swift; path = Sources/BufferedTokenStream.swift; sourceTree = "<group>"; };
		6BCB132E1C69370600CBCC3E /* BlockStartState.swift */ = {isa = PBXFileReference; fileEncoding = 4; lastKnownFileType = sourcecode.swift; name = BlockStartState.swift; path = Sources/BlockStartState.swift; sourceTree = "<group>"; };
		6BCB132F1C69370600CBCC3E /* BlockEndState.swift */ = {isa = PBXFileReference; fileEncoding = 4; lastKnownFileType = sourcecode.swift; name = BlockEndState.swift; path = Sources/BlockEndState.swift; sourceTree = "<group>"; };
		6BCB13301C69370600CBCC3E /* BitSet.swift */ = {isa = PBXFileReference; fileEncoding = 4; lastKnownFileType = sourcecode.swift; name = BitSet.swift; path = Sources/BitSet.swift; sourceTree = "<group>"; };
		6BCB13311C69370600CBCC3E /* BasicState.swift */ = {isa = PBXFileReference; fileEncoding = 4; lastKnownFileType = sourcecode.swift; name = BasicState.swift; path = Sources/BasicState.swift; sourceTree = "<group>"; };
		6BCB13321C69370600CBCC3E /* BasicBlockStartState.swift */ = {isa = PBXFileReference; fileEncoding = 4; lastKnownFileType = sourcecode.swift; name = BasicBlockStartState.swift; path = Sources/BasicBlockStartState.swift; sourceTree = "<group>"; };
		6BCB13331C69370600CBCC3E /* BaseErrorListener.swift */ = {isa = PBXFileReference; fileEncoding = 4; lastKnownFileType = sourcecode.swift; name = BaseErrorListener.swift; path = Sources/BaseErrorListener.swift; sourceTree = "<group>"; };
		6BCB13341C69370600CBCC3E /* BailErrorStrategy.swift */ = {isa = PBXFileReference; fileEncoding = 4; lastKnownFileType = sourcecode.swift; name = BailErrorStrategy.swift; path = Sources/BailErrorStrategy.swift; sourceTree = "<group>"; };
		6BCB13351C69370600CBCC3E /* AtomTransition.swift */ = {isa = PBXFileReference; fileEncoding = 4; lastKnownFileType = sourcecode.swift; name = AtomTransition.swift; path = Sources/AtomTransition.swift; sourceTree = "<group>"; };
		6BCB13361C69370600CBCC3E /* ATNType.swift */ = {isa = PBXFileReference; fileEncoding = 4; lastKnownFileType = sourcecode.swift; name = ATNType.swift; path = Sources/ATNType.swift; sourceTree = "<group>"; };
		6BCB13371C69370600CBCC3E /* ATNState.swift */ = {isa = PBXFileReference; fileEncoding = 4; lastKnownFileType = sourcecode.swift; name = ATNState.swift; path = Sources/ATNState.swift; sourceTree = "<group>"; };
		6BCB13381C69370600CBCC3E /* ATNSimulator.swift */ = {isa = PBXFileReference; fileEncoding = 4; lastKnownFileType = sourcecode.swift; name = ATNSimulator.swift; path = Sources/ATNSimulator.swift; sourceTree = "<group>"; };
		6BCB13391C69370600CBCC3E /* ATNDeserializer.swift */ = {isa = PBXFileReference; fileEncoding = 4; lastKnownFileType = sourcecode.swift; name = ATNDeserializer.swift; path = Sources/ATNDeserializer.swift; sourceTree = "<group>"; };
		6BCB133A1C69370600CBCC3E /* ATNDeserializationOptions.swift */ = {isa = PBXFileReference; fileEncoding = 4; lastKnownFileType = sourcecode.swift; name = ATNDeserializationOptions.swift; path = Sources/ATNDeserializationOptions.swift; sourceTree = "<group>"; };
		6BCB133B1C69370600CBCC3E /* ATNConfigSet.swift */ = {isa = PBXFileReference; fileEncoding = 4; lastKnownFileType = sourcecode.swift; name = ATNConfigSet.swift; path = Sources/ATNConfigSet.swift; sourceTree = "<group>"; };
		6BCB133C1C69370600CBCC3E /* ATNConfig.swift */ = {isa = PBXFileReference; fileEncoding = 4; lastKnownFileType = sourcecode.swift; name = ATNConfig.swift; path = Sources/ATNConfig.swift; sourceTree = "<group>"; };
		6BCB133D1C69370600CBCC3E /* ATN.swift */ = {isa = PBXFileReference; fileEncoding = 4; lastKnownFileType = sourcecode.swift; name = ATN.swift; path = Sources/ATN.swift; sourceTree = "<group>"; };
		6BCB133E1C69370600CBCC3E /* ArrayPredictionContext.swift */ = {isa = PBXFileReference; fileEncoding = 4; lastKnownFileType = sourcecode.swift; name = ArrayPredictionContext.swift; path = Sources/ArrayPredictionContext.swift; sourceTree = "<group>"; };
		6BCB133F1C69370600CBCC3E /* ArrayExtension.swift */ = {isa = PBXFileReference; fileEncoding = 4; lastKnownFileType = sourcecode.swift; name = ArrayExtension.swift; path = Sources/ArrayExtension.swift; sourceTree = "<group>"; };
		6BCB13401C69370600CBCC3E /* ANTLRInputStream.swift */ = {isa = PBXFileReference; fileEncoding = 4; lastKnownFileType = sourcecode.swift; name = ANTLRInputStream.swift; path = Sources/ANTLRInputStream.swift; sourceTree = "<group>"; };
		6BCB13411C69370600CBCC3E /* ANTLRFileStream.swift */ = {isa = PBXFileReference; fileEncoding = 4; lastKnownFileType = sourcecode.swift; name = ANTLRFileStream.swift; path = Sources/ANTLRFileStream.swift; sourceTree = "<group>"; };
		6BCB13421C69370600CBCC3E /* ANTLRException.swift */ = {isa = PBXFileReference; fileEncoding = 4; lastKnownFileType = sourcecode.swift; name = ANTLRException.swift; path = Sources/ANTLRException.swift; sourceTree = "<group>"; };
		6BCB13431C69370600CBCC3E /* ANTLRErrorStrategy.swift */ = {isa = PBXFileReference; fileEncoding = 4; lastKnownFileType = sourcecode.swift; name = ANTLRErrorStrategy.swift; path = Sources/ANTLRErrorStrategy.swift; sourceTree = "<group>"; };
		6BCB13441C69370600CBCC3E /* ANTLRErrorListener.swift */ = {isa = PBXFileReference; fileEncoding = 4; lastKnownFileType = sourcecode.swift; name = ANTLRErrorListener.swift; path = Sources/ANTLRErrorListener.swift; sourceTree = "<group>"; };
		6BCB13451C69370600CBCC3E /* ANTLRError.swift */ = {isa = PBXFileReference; fileEncoding = 4; lastKnownFileType = sourcecode.swift; name = ANTLRError.swift; path = Sources/ANTLRError.swift; sourceTree = "<group>"; };
		6BCB13461C69370600CBCC3E /* AmbiguityInfo.swift */ = {isa = PBXFileReference; fileEncoding = 4; lastKnownFileType = sourcecode.swift; name = AmbiguityInfo.swift; path = Sources/AmbiguityInfo.swift; sourceTree = "<group>"; };
		6BCB13471C69370600CBCC3E /* ActionTransition.swift */ = {isa = PBXFileReference; fileEncoding = 4; lastKnownFileType = sourcecode.swift; name = ActionTransition.swift; path = Sources/ActionTransition.swift; sourceTree = "<group>"; };
		6BCB13481C69370600CBCC3E /* AbstractPredicateTransition.swift */ = {isa = PBXFileReference; fileEncoding = 4; lastKnownFileType = sourcecode.swift; name = AbstractPredicateTransition.swift; path = Sources/AbstractPredicateTransition.swift; sourceTree = "<group>"; };
		6BCB13491C69370600CBCC3E /* AbstractParseTreeVisitor.swift */ = {isa = PBXFileReference; fileEncoding = 4; lastKnownFileType = sourcecode.swift; name = AbstractParseTreeVisitor.swift; path = Sources/AbstractParseTreeVisitor.swift; sourceTree = "<group>"; };
		F9A4211C1BCCC35000A9CD35 /* Antlr4.framework */ = {isa = PBXFileReference; explicitFileType = wrapper.framework; includeInIndex = 0; path = Antlr4.framework; sourceTree = BUILT_PRODUCTS_DIR; };
		F9A421211BCCC35000A9CD35 /* Info-OSX.plist */ = {isa = PBXFileReference; lastKnownFileType = text.plist.xml; path = "Info-OSX.plist"; sourceTree = "<group>"; };
		F9A422F81BCCD47300A9CD35 /* Antlr4.framework */ = {isa = PBXFileReference; explicitFileType = wrapper.framework; includeInIndex = 0; path = Antlr4.framework; sourceTree = BUILT_PRODUCTS_DIR; };
		F9A423001BCCD5E600A9CD35 /* Info-IOS.plist */ = {isa = PBXFileReference; lastKnownFileType = text.plist; path = "Info-IOS.plist"; sourceTree = "<group>"; };
		F9A424A81BCD348C00A9CD35 /* Antlr4Tests.xctest */ = {isa = PBXFileReference; explicitFileType = wrapper.cfbundle; includeInIndex = 0; path = Antlr4Tests.xctest; sourceTree = BUILT_PRODUCTS_DIR; };
		F9A424AA1BCD348C00A9CD35 /* Antlr4Tests.swift */ = {isa = PBXFileReference; lastKnownFileType = sourcecode.swift; path = Antlr4Tests.swift; sourceTree = "<group>"; };
		F9A424AC1BCD348C00A9CD35 /* Info.plist */ = {isa = PBXFileReference; lastKnownFileType = text.plist.xml; path = Info.plist; sourceTree = "<group>"; };
		F9A424B31BCD357800A9CD35 /* BaseTest.swift */ = {isa = PBXFileReference; fileEncoding = 4; lastKnownFileType = sourcecode.swift; path = BaseTest.swift; sourceTree = "<group>"; };
/* End PBXFileReference section */

/* Begin PBXFrameworksBuildPhase section */
		F9A421181BCCC35000A9CD35 /* Frameworks */ = {
			isa = PBXFrameworksBuildPhase;
			buildActionMask = 2147483647;
			files = (
			);
			runOnlyForDeploymentPostprocessing = 0;
		};
		F9A422F41BCCD47300A9CD35 /* Frameworks */ = {
			isa = PBXFrameworksBuildPhase;
			buildActionMask = 2147483647;
			files = (
			);
			runOnlyForDeploymentPostprocessing = 0;
		};
		F9A424A51BCD348C00A9CD35 /* Frameworks */ = {
			isa = PBXFrameworksBuildPhase;
			buildActionMask = 2147483647;
			files = (
				F9A424AD1BCD348C00A9CD35 /* Antlr4.framework in Frameworks */,
			);
			runOnlyForDeploymentPostprocessing = 0;
		};
/* End PBXFrameworksBuildPhase section */

/* Begin PBXGroup section */
		F9A421121BCCC35000A9CD35 = {
			isa = PBXGroup;
			children = (
				F9A4211E1BCCC35000A9CD35 /* Antlr4 */,
				F9A424A91BCD348C00A9CD35 /* Antlr4Tests */,
				F9A4211D1BCCC35000A9CD35 /* Products */,
			);
			sourceTree = "<group>";
		};
		F9A4211D1BCCC35000A9CD35 /* Products */ = {
			isa = PBXGroup;
			children = (
				F9A4211C1BCCC35000A9CD35 /* Antlr4.framework */,
				F9A422F81BCCD47300A9CD35 /* Antlr4.framework */,
				F9A424A81BCD348C00A9CD35 /* Antlr4Tests.xctest */,
			);
			name = Products;
			sourceTree = "<group>";
		};
		F9A4211E1BCCC35000A9CD35 /* Antlr4 */ = {
			isa = PBXGroup;
			children = (
				6BCB12AD1C69370600CBCC3E /* WritableToken.swift */,
				6BCB12AE1C69370600CBCC3E /* WildcardTransition.swift */,
				6BCB12AF1C69370600CBCC3E /* WeakKeyDictionary.swift */,
				6BCB12B01C69370600CBCC3E /* WeakHashMap.swift */,
				6BCB12B11C69370600CBCC3E /* VocabularySingle.swift */,
				6BCB12B21C69370600CBCC3E /* Utils.swift */,
				6BCB12B31C69370600CBCC3E /* UnbufferedTokenStream.swift */,
				6BCB12B41C69370600CBCC3E /* Triple.swift */,
				6BCB12B51C69370600CBCC3E /* Trees.swift */,
				6BCB12B61C69370600CBCC3E /* Tree.swift */,
				6BCB12B71C69370600CBCC3E /* Transition.swift */,
				6BCB12B81C69370600CBCC3E /* TokenTagToken.swift */,
				6BCB12B91C69370600CBCC3E /* TokenStreamRewriter.swift */,
				6BCB12BA1C69370600CBCC3E /* TokenStream.swift */,
				6BCB12BB1C69370600CBCC3E /* TokensStartState.swift */,
				6BCB12BC1C69370600CBCC3E /* TokenSource.swift */,
				6BCB12BD1C69370600CBCC3E /* TokenFactory.swift */,
				6BCB12BE1C69370600CBCC3E /* TokenExtension.swift */,
				6BCB12BF1C69370600CBCC3E /* Token.swift */,
				6BCB12C01C69370600CBCC3E /* TextChunk.swift */,
				6BCB12C11C69370600CBCC3E /* TerminalNodeImpl.swift */,
				6BCB12C21C69370600CBCC3E /* TerminalNode.swift */,
				6BCB12C31C69370600CBCC3E /* TagChunk.swift */,
				6BCB12C41C69370600CBCC3E /* SyntaxTree.swift */,
				6BCB12C51C69370600CBCC3E /* StringBuilder.swift */,
				6BCB12C61C69370600CBCC3E /* StirngExtension.swift */,
				6BCB12C71C69370600CBCC3E /* StarLoopEntryState.swift */,
				6BCB12C81C69370600CBCC3E /* StarLoopbackState.swift */,
				6BCB12C91C69370600CBCC3E /* StarBlockStartState.swift */,
				6BCB12CA1C69370600CBCC3E /* Stack.swift */,
				6BCB12CB1C69370600CBCC3E /* SingletonPredictionContext.swift */,
				6BCB12CC1C69370600CBCC3E /* SetTransition.swift */,
				6BCB12CD1C69370600CBCC3E /* SemanticContext.swift */,
				6BCB12CE1C69370600CBCC3E /* RuntimeMetaData.swift */,
				6BCB12CF1C69370600CBCC3E /* RuleTransition.swift */,
				6BCB12D01C69370600CBCC3E /* RuleTagToken.swift */,
				6BCB12D11C69370600CBCC3E /* RuleStopState.swift */,
				6BCB12D21C69370600CBCC3E /* RuleStartState.swift */,
				6BCB12D31C69370600CBCC3E /* RuleNode.swift */,
				6BCB12D41C69370600CBCC3E /* RuleContext.swift */,
				6BCB12D51C69370600CBCC3E /* Recognizer.swift */,
				6BCB12D61C69370600CBCC3E /* RecognitionException.swift */,
				6BCB12D71C69370600CBCC3E /* RangeTransition.swift */,
				6BCB12D81C69370600CBCC3E /* ProxyErrorListener.swift */,
				6BCB12D91C69370600CBCC3E /* ProfilingATNSimulator.swift */,
				6BCB12DA1C69370600CBCC3E /* PredictionMode.swift */,
				6BCB12DB1C69370600CBCC3E /* PredictionContextCache.swift */,
				6BCB12DC1C69370600CBCC3E /* PredictionContext.swift */,
				6BCB12DD1C69370600CBCC3E /* PredicateTransition.swift */,
				6BCB12DE1C69370600CBCC3E /* PredicateEvalInfo.swift */,
				6BCB12DF1C69370600CBCC3E /* PrecedencePredicateTransition.swift */,
				6BCB12E01C69370600CBCC3E /* PlusLoopbackState.swift */,
				6BCB12E11C69370600CBCC3E /* PlusBlockStartState.swift */,
				6BCB12E21C69370600CBCC3E /* ParseTreeWalker.swift */,
				6BCB12E31C69370600CBCC3E /* ParseTreeVisitor.swift */,
				6BCB12E41C69370600CBCC3E /* ParseTreePatternMatcher.swift */,
				6BCB12E51C69370600CBCC3E /* ParseTreePattern.swift */,
				6BCB12E61C69370600CBCC3E /* ParseTreeMatch.swift */,
				6BCB12E71C69370600CBCC3E /* ParseTreeListener.swift */,
				6BCB12E81C69370600CBCC3E /* ParseTree.swift */,
				6BCB12E91C69370600CBCC3E /* ParserRuleContext.swift */,
				6BCB12EA1C69370600CBCC3E /* ParserInterpreter.swift */,
				6BCB12EB1C69370600CBCC3E /* ParserATNSimulator.swift */,
				6BCB12EC1C69370600CBCC3E /* Parser.swift */,
				6BCB12ED1C69370600CBCC3E /* ParseInfo.swift */,
				6BCB12EE1C69370600CBCC3E /* OrderedATNConfigSet.swift */,
				6BCB12EF1C69370600CBCC3E /* OrderedATNConfig.swift */,
				6BCB12F01C69370600CBCC3E /* NSUUIDExtension.swift */,
				6BCB12F11C69370600CBCC3E /* NSMapTableExtension.swift */,
				6BCB12F21C69370600CBCC3E /* NoViableAltException.swift */,
				6BCB12F31C69370600CBCC3E /* NotSetTransition.swift */,
				6BCB12F41C69370600CBCC3E /* MurmurHash.swift */,
				6BCB12F51C69370600CBCC3E /* MultiMap.swift */,
				6BCB12F61C69370600CBCC3E /* LoopEndState.swift */,
				6BCB12F71C69370600CBCC3E /* LookupDictionary.swift */,
				6BCB12F81C69370600CBCC3E /* LookupATNConfig.swift */,
				6BCB12F91C69370600CBCC3E /* LookaheadEventInfo.swift */,
				6BCB12FA1C69370600CBCC3E /* LL1Analyzer.swift */,
				6BCB12FB1C69370600CBCC3E /* ListTokenSource.swift */,
				6BCB12FC1C69370600CBCC3E /* LexerTypeAction.swift */,
				6BCB12FD1C69370600CBCC3E /* LexerSkipAction.swift */,
				6BCB12FE1C69370600CBCC3E /* LexerPushModeAction.swift */,
				6BCB12FF1C69370600CBCC3E /* LexerPopModeAction.swift */,
				6BCB13001C69370600CBCC3E /* LexerNoViableAltException.swift */,
				6BCB13011C69370600CBCC3E /* LexerMoreAction.swift */,
				6BCB13021C69370600CBCC3E /* LexerModeAction.swift */,
				6BCB13031C69370600CBCC3E /* LexerInterpreter.swift */,
				6BCB13041C69370600CBCC3E /* LexerIndexedCustomAction.swift */,
				6BCB13051C69370600CBCC3E /* LexerDFASerializer.swift */,
				6BCB13061C69370600CBCC3E /* LexerCustomAction.swift */,
				6BCB13071C69370600CBCC3E /* LexerChannelAction.swift */,
				6BCB13081C69370600CBCC3E /* LexerATNSimulator.swift */,
				6BCB13091C69370600CBCC3E /* LexerATNConfig.swift */,
				6BCB130A1C69370600CBCC3E /* LexerActionType.swift */,
				6BCB130B1C69370600CBCC3E /* LexerActionExecutor.swift */,
				6BCB130C1C69370600CBCC3E /* LexerAction.swift */,
				6BCB130D1C69370600CBCC3E /* Lexer.swift */,
				6BCB130E1C69370600CBCC3E /* IntStreamExtension.swift */,
				6BCB130F1C69370600CBCC3E /* IntStream.swift */,
				6BCB13101C69370600CBCC3E /* IntSet.swift */,
				6BCB13111C69370600CBCC3E /* IntervalSet.swift */,
				6BCB13121C69370600CBCC3E /* Interval.swift */,
				6BCB13131C69370600CBCC3E /* InterpreterRuleContext.swift */,
				6BCB13141C69370600CBCC3E /* InputMismatchException.swift */,
				6BCB13151C69370600CBCC3E /* FailedPredicateException.swift */,
				6BCB13161C69370600CBCC3E /* ErrorNode.swift */,
				6BCB13171C69370600CBCC3E /* ErrorInfo.swift */,
				6BCB13181C69370600CBCC3E /* EpsilonTransition.swift */,
				6BCB13191C69370600CBCC3E /* EmptyPredictionContext.swift */,
				6BCB131A1C69370600CBCC3E /* DoubleKeyMap.swift */,
				6BCB131B1C69370600CBCC3E /* DiagnosticErrorListener.swift */,
				6BCB131C1C69370600CBCC3E /* DFAState.swift */,
				6BCB131D1C69370600CBCC3E /* DFASerializer.swift */,
				6BCB131E1C69370600CBCC3E /* DFA.swift */,
				6BCB131F1C69370600CBCC3E /* DefaultErrorStrategy.swift */,
				6BCB13201C69370600CBCC3E /* DefaultATNConfig.swift */,
				6BCB13211C69370600CBCC3E /* DecisionState.swift */,
				6BCB13221C69370600CBCC3E /* DecisionInfo.swift */,
				6BCB13231C69370600CBCC3E /* DecisionEventInfo.swift */,
				6BCB13241C69370600CBCC3E /* ContextSensitivityInfo.swift */,
				6BCB13251C69370600CBCC3E /* ConsoleErrorListener.swift */,
				6BCB13261C69370600CBCC3E /* CommonUtil.swift */,
				6BCB13271C69370600CBCC3E /* CommonTokenStream.swift */,
				6BCB13281C69370600CBCC3E /* CommonTokenFactory.swift */,
				6BCB13291C69370600CBCC3E /* CommonToken.swift */,
				6BCB132A1C69370600CBCC3E /* Chunk.swift */,
				6BCB132B1C69370600CBCC3E /* CharStream.swift */,
				6BCB132C1C69370600CBCC3E /* CharacterEextension.swift */,
				6BCB132D1C69370600CBCC3E /* BufferedTokenStream.swift */,
				6BCB132E1C69370600CBCC3E /* BlockStartState.swift */,
				6BCB132F1C69370600CBCC3E /* BlockEndState.swift */,
				6BCB13301C69370600CBCC3E /* BitSet.swift */,
				6BCB13311C69370600CBCC3E /* BasicState.swift */,
				6BCB13321C69370600CBCC3E /* BasicBlockStartState.swift */,
				6BCB13331C69370600CBCC3E /* BaseErrorListener.swift */,
				6BCB13341C69370600CBCC3E /* BailErrorStrategy.swift */,
				6BCB13351C69370600CBCC3E /* AtomTransition.swift */,
				6BCB13361C69370600CBCC3E /* ATNType.swift */,
				6BCB13371C69370600CBCC3E /* ATNState.swift */,
				6BCB13381C69370600CBCC3E /* ATNSimulator.swift */,
				6BCB13391C69370600CBCC3E /* ATNDeserializer.swift */,
				6BCB133A1C69370600CBCC3E /* ATNDeserializationOptions.swift */,
				6BCB133B1C69370600CBCC3E /* ATNConfigSet.swift */,
				6BCB133C1C69370600CBCC3E /* ATNConfig.swift */,
				6BCB133D1C69370600CBCC3E /* ATN.swift */,
				6BCB133E1C69370600CBCC3E /* ArrayPredictionContext.swift */,
				6BCB133F1C69370600CBCC3E /* ArrayExtension.swift */,
				6BCB13401C69370600CBCC3E /* ANTLRInputStream.swift */,
				6BCB13411C69370600CBCC3E /* ANTLRFileStream.swift */,
				6BCB13421C69370600CBCC3E /* ANTLRException.swift */,
				6BCB13431C69370600CBCC3E /* ANTLRErrorStrategy.swift */,
				6BCB13441C69370600CBCC3E /* ANTLRErrorListener.swift */,
				6BCB13451C69370600CBCC3E /* ANTLRError.swift */,
				6BCB13461C69370600CBCC3E /* AmbiguityInfo.swift */,
				6BCB13471C69370600CBCC3E /* ActionTransition.swift */,
				6BCB13481C69370600CBCC3E /* AbstractPredicateTransition.swift */,
				6BCB13491C69370600CBCC3E /* AbstractParseTreeVisitor.swift */,
				F9A421211BCCC35000A9CD35 /* Info-OSX.plist */,
				F9A423001BCCD5E600A9CD35 /* Info-IOS.plist */,
			);
			path = Antlr4;
			sourceTree = "<group>";
		};
		F9A424A91BCD348C00A9CD35 /* Antlr4Tests */ = {
			isa = PBXGroup;
			children = (
				F9A424AA1BCD348C00A9CD35 /* Antlr4Tests.swift */,
				F9A424AC1BCD348C00A9CD35 /* Info.plist */,
				F9A424B31BCD357800A9CD35 /* BaseTest.swift */,
			);
			path = Antlr4Tests;
			sourceTree = "<group>";
		};
/* End PBXGroup section */

/* Begin PBXHeadersBuildPhase section */
		F9A421191BCCC35000A9CD35 /* Headers */ = {
			isa = PBXHeadersBuildPhase;
			buildActionMask = 2147483647;
			files = (
			);
			runOnlyForDeploymentPostprocessing = 0;
		};
		F9A422F51BCCD47300A9CD35 /* Headers */ = {
			isa = PBXHeadersBuildPhase;
			buildActionMask = 2147483647;
			files = (
			);
			runOnlyForDeploymentPostprocessing = 0;
		};
/* End PBXHeadersBuildPhase section */

/* Begin PBXNativeTarget section */
		F9A4211B1BCCC35000A9CD35 /* Antlr4 OSX */ = {
			isa = PBXNativeTarget;
			buildConfigurationList = F9A421301BCCC35000A9CD35 /* Build configuration list for PBXNativeTarget "Antlr4 OSX" */;
			buildPhases = (
				F9A421171BCCC35000A9CD35 /* Sources */,
				F9A421181BCCC35000A9CD35 /* Frameworks */,
				F9A421191BCCC35000A9CD35 /* Headers */,
				F9A4211A1BCCC35000A9CD35 /* Resources */,
			);
			buildRules = (
			);
			dependencies = (
			);
			name = "Antlr4 OSX";
			productName = Antlr4;
			productReference = F9A4211C1BCCC35000A9CD35 /* Antlr4.framework */;
			productType = "com.apple.product-type.framework";
		};
		F9A422F71BCCD47300A9CD35 /* Antlr4 IOS */ = {
			isa = PBXNativeTarget;
			buildConfigurationList = F9A422FD1BCCD47300A9CD35 /* Build configuration list for PBXNativeTarget "Antlr4 IOS" */;
			buildPhases = (
				F9A422F31BCCD47300A9CD35 /* Sources */,
				F9A422F41BCCD47300A9CD35 /* Frameworks */,
				F9A422F51BCCD47300A9CD35 /* Headers */,
				F9A422F61BCCD47300A9CD35 /* Resources */,
			);
			buildRules = (
			);
			dependencies = (
			);
			name = "Antlr4 IOS";
			productName = Antlr4;
			productReference = F9A422F81BCCD47300A9CD35 /* Antlr4.framework */;
			productType = "com.apple.product-type.framework";
		};
		F9A424A71BCD348C00A9CD35 /* Antlr4Tests */ = {
			isa = PBXNativeTarget;
			buildConfigurationList = F9A424B01BCD348C00A9CD35 /* Build configuration list for PBXNativeTarget "Antlr4Tests" */;
			buildPhases = (
				F9A424A41BCD348C00A9CD35 /* Sources */,
				F9A424A51BCD348C00A9CD35 /* Frameworks */,
				F9A424A61BCD348C00A9CD35 /* Resources */,
			);
			buildRules = (
			);
			dependencies = (
				F9A424AF1BCD348C00A9CD35 /* PBXTargetDependency */,
			);
			name = Antlr4Tests;
			productName = Antlr4Tests;
			productReference = F9A424A81BCD348C00A9CD35 /* Antlr4Tests.xctest */;
			productType = "com.apple.product-type.bundle.unit-test";
		};
/* End PBXNativeTarget section */

/* Begin PBXProject section */
		F9A421131BCCC35000A9CD35 /* Project object */ = {
			isa = PBXProject;
			attributes = {
				LastSwiftUpdateCheck = 0730;
				LastUpgradeCheck = 0700;
				ORGANIZATIONNAME = jlabs;
				TargetAttributes = {
					F9A4211B1BCCC35000A9CD35 = {
						CreatedOnToolsVersion = 7.0;
					};
					F9A422F71BCCD47300A9CD35 = {
						CreatedOnToolsVersion = 7.0;
						DevelopmentTeam = U22U9NF353;
					};
					F9A424A71BCD348C00A9CD35 = {
						CreatedOnToolsVersion = 7.0;
					};
				};
			};
			buildConfigurationList = F9A421161BCCC35000A9CD35 /* Build configuration list for PBXProject "Antlr4" */;
			compatibilityVersion = "Xcode 3.2";
			developmentRegion = English;
			hasScannedForEncodings = 0;
			knownRegions = (
				en,
			);
			mainGroup = F9A421121BCCC35000A9CD35;
			productRefGroup = F9A4211D1BCCC35000A9CD35 /* Products */;
			projectDirPath = "";
			projectRoot = "";
			targets = (
				F9A4211B1BCCC35000A9CD35 /* Antlr4 OSX */,
				F9A422F71BCCD47300A9CD35 /* Antlr4 IOS */,
				F9A424A71BCD348C00A9CD35 /* Antlr4Tests */,
			);
		};
/* End PBXProject section */

/* Begin PBXResourcesBuildPhase section */
		F9A4211A1BCCC35000A9CD35 /* Resources */ = {
			isa = PBXResourcesBuildPhase;
			buildActionMask = 2147483647;
			files = (
				F9A423011BCCD5E600A9CD35 /* Info-IOS.plist in Resources */,
			);
			runOnlyForDeploymentPostprocessing = 0;
		};
		F9A422F61BCCD47300A9CD35 /* Resources */ = {
			isa = PBXResourcesBuildPhase;
			buildActionMask = 2147483647;
			files = (
			);
			runOnlyForDeploymentPostprocessing = 0;
		};
		F9A424A61BCD348C00A9CD35 /* Resources */ = {
			isa = PBXResourcesBuildPhase;
			buildActionMask = 2147483647;
			files = (
			);
			runOnlyForDeploymentPostprocessing = 0;
		};
/* End PBXResourcesBuildPhase section */

/* Begin PBXSourcesBuildPhase section */
		F9A421171BCCC35000A9CD35 /* Sources */ = {
			isa = PBXSourcesBuildPhase;
			buildActionMask = 2147483647;
			files = (
				6BCB13E01C69370600CBCC3E /* ANTLRErrorStrategy.swift in Sources */,
				6BCB13991C69370600CBCC3E /* LexerTypeAction.swift in Sources */,
				6BCB13AC1C69370600CBCC3E /* IntStream.swift in Sources */,
				6BCB13BC1C69370600CBCC3E /* DefaultErrorStrategy.swift in Sources */,
				6BCB136F1C69370600CBCC3E /* RuleStartState.swift in Sources */,
				6BCB138F1C69370600CBCC3E /* NoViableAltException.swift in Sources */,
				6BCB13751C69370600CBCC3E /* ProxyErrorListener.swift in Sources */,
				6BCB13521C69370600CBCC3E /* Trees.swift in Sources */,
				6BCB13831C69370600CBCC3E /* ParseTreeMatch.swift in Sources */,
				6BCB13B51C69370600CBCC3E /* EpsilonTransition.swift in Sources */,
				6BCB13861C69370600CBCC3E /* ParserRuleContext.swift in Sources */,
				6BCB13E31C69370600CBCC3E /* AmbiguityInfo.swift in Sources */,
				6BCB13AF1C69370600CBCC3E /* Interval.swift in Sources */,
				6BCB13501C69370600CBCC3E /* UnbufferedTokenStream.swift in Sources */,
				6BCB13951C69370600CBCC3E /* LookupATNConfig.swift in Sources */,
				6BCB13C51C69370600CBCC3E /* CommonTokenFactory.swift in Sources */,
				6BCB13631C69370600CBCC3E /* StirngExtension.swift in Sources */,
				6BCB139E1C69370600CBCC3E /* LexerMoreAction.swift in Sources */,
				6BCB13981C69370600CBCC3E /* ListTokenSource.swift in Sources */,
				6BCB13C21C69370600CBCC3E /* ConsoleErrorListener.swift in Sources */,
				6BCB13DC1C69370600CBCC3E /* ArrayExtension.swift in Sources */,
				6BCB13DA1C69370600CBCC3E /* ATN.swift in Sources */,
				6BCB13D71C69370600CBCC3E /* ATNDeserializationOptions.swift in Sources */,
				6BCB138C1C69370600CBCC3E /* OrderedATNConfig.swift in Sources */,
				6BCB13A51C69370600CBCC3E /* LexerATNSimulator.swift in Sources */,
				6BCB13D51C69370600CBCC3E /* ATNSimulator.swift in Sources */,
				6BCB13721C69370600CBCC3E /* Recognizer.swift in Sources */,
				6BCB13C01C69370600CBCC3E /* DecisionEventInfo.swift in Sources */,
				6BCB137D1C69370600CBCC3E /* PlusLoopbackState.swift in Sources */,
				6BCB13681C69370600CBCC3E /* SingletonPredictionContext.swift in Sources */,
				6BCB134E1C69370600CBCC3E /* VocabularySingle.swift in Sources */,
				6BCB13B71C69370600CBCC3E /* DoubleKeyMap.swift in Sources */,
				6BCB139F1C69370600CBCC3E /* LexerModeAction.swift in Sources */,
				6BCB138A1C69370600CBCC3E /* ParseInfo.swift in Sources */,
				6BCB13D01C69370600CBCC3E /* BaseErrorListener.swift in Sources */,
				6BCB13901C69370600CBCC3E /* NotSetTransition.swift in Sources */,
				6BCB13E51C69370600CBCC3E /* AbstractPredicateTransition.swift in Sources */,
				6BCB13D21C69370600CBCC3E /* AtomTransition.swift in Sources */,
				6BCB13AD1C69370600CBCC3E /* IntSet.swift in Sources */,
				6BCB136B1C69370600CBCC3E /* RuntimeMetaData.swift in Sources */,
				6BCB13D61C69370600CBCC3E /* ATNDeserializer.swift in Sources */,
				6BCB13CA1C69370600CBCC3E /* BufferedTokenStream.swift in Sources */,
				6BCB13691C69370600CBCC3E /* SetTransition.swift in Sources */,
				6BCB13701C69370600CBCC3E /* RuleNode.swift in Sources */,
				6BCB139C1C69370600CBCC3E /* LexerPopModeAction.swift in Sources */,
				6BCB13D31C69370600CBCC3E /* ATNType.swift in Sources */,
				6BCB135F1C69370600CBCC3E /* TerminalNode.swift in Sources */,
				6BCB13C91C69370600CBCC3E /* CharacterEextension.swift in Sources */,
				6BCB13C71C69370600CBCC3E /* Chunk.swift in Sources */,
				6BCB13A31C69370600CBCC3E /* LexerCustomAction.swift in Sources */,
				6BCB13801C69370600CBCC3E /* ParseTreeVisitor.swift in Sources */,
				6BCB13AA1C69370600CBCC3E /* Lexer.swift in Sources */,
				6BCB13B41C69370600CBCC3E /* ErrorInfo.swift in Sources */,
				6BCB134C1C69370600CBCC3E /* WeakKeyDictionary.swift in Sources */,
				6BCB13581C69370600CBCC3E /* TokensStartState.swift in Sources */,
				6BCB13C81C69370600CBCC3E /* CharStream.swift in Sources */,
				6BCB13661C69370600CBCC3E /* StarBlockStartState.swift in Sources */,
				6BCB13551C69370600CBCC3E /* TokenTagToken.swift in Sources */,
				6BCB13E21C69370600CBCC3E /* ANTLRError.swift in Sources */,
				6BCB13CF1C69370600CBCC3E /* BasicBlockStartState.swift in Sources */,
				6BCB13891C69370600CBCC3E /* Parser.swift in Sources */,
				6BCB13CE1C69370600CBCC3E /* BasicState.swift in Sources */,
				6BCB137E1C69370600CBCC3E /* PlusBlockStartState.swift in Sources */,
				6BCB139B1C69370600CBCC3E /* LexerPushModeAction.swift in Sources */,
				6BCB13651C69370600CBCC3E /* StarLoopbackState.swift in Sources */,
				6BCB13B21C69370600CBCC3E /* FailedPredicateException.swift in Sources */,
				6BCB13641C69370600CBCC3E /* StarLoopEntryState.swift in Sources */,
				6BCB137A1C69370600CBCC3E /* PredicateTransition.swift in Sources */,
				6BCB13881C69370600CBCC3E /* ParserATNSimulator.swift in Sources */,
				6BCB13C31C69370600CBCC3E /* CommonUtil.swift in Sources */,
				6BCB136D1C69370600CBCC3E /* RuleTagToken.swift in Sources */,
				6BCB13921C69370600CBCC3E /* MultiMap.swift in Sources */,
				6BCB138B1C69370600CBCC3E /* OrderedATNConfigSet.swift in Sources */,
				6BCB13A61C69370600CBCC3E /* LexerATNConfig.swift in Sources */,
				6BCB13CB1C69370600CBCC3E /* BlockStartState.swift in Sources */,
				6BCB13BB1C69370600CBCC3E /* DFA.swift in Sources */,
				6BCB13DE1C69370600CBCC3E /* ANTLRFileStream.swift in Sources */,
				6BCB134B1C69370600CBCC3E /* WildcardTransition.swift in Sources */,
				6BCB13AB1C69370600CBCC3E /* IntStreamExtension.swift in Sources */,
				6BCB13DF1C69370600CBCC3E /* ANTLRException.swift in Sources */,
				6BCB13841C69370600CBCC3E /* ParseTreeListener.swift in Sources */,
				6BCB13821C69370600CBCC3E /* ParseTreePattern.swift in Sources */,
				6BCB138D1C69370600CBCC3E /* NSUUIDExtension.swift in Sources */,
				6BCB139A1C69370600CBCC3E /* LexerSkipAction.swift in Sources */,
				6BCB13541C69370600CBCC3E /* Transition.swift in Sources */,
				6BCB13571C69370600CBCC3E /* TokenStream.swift in Sources */,
				6BCB13961C69370600CBCC3E /* LookaheadEventInfo.swift in Sources */,
				6BCB13621C69370600CBCC3E /* StringBuilder.swift in Sources */,
				6BCB13E61C69370600CBCC3E /* AbstractParseTreeVisitor.swift in Sources */,
				6BCB137C1C69370600CBCC3E /* PrecedencePredicateTransition.swift in Sources */,
				6BCB13CC1C69370600CBCC3E /* BlockEndState.swift in Sources */,
				6BCB13C61C69370600CBCC3E /* CommonToken.swift in Sources */,
				6BCB13E41C69370600CBCC3E /* ActionTransition.swift in Sources */,
				6BCB13611C69370600CBCC3E /* SyntaxTree.swift in Sources */,
				6BCB13871C69370600CBCC3E /* ParserInterpreter.swift in Sources */,
				6BCB13791C69370600CBCC3E /* PredictionContext.swift in Sources */,
				6BCB13CD1C69370600CBCC3E /* BitSet.swift in Sources */,
				6BCB13BE1C69370600CBCC3E /* DecisionState.swift in Sources */,
				6BCB13671C69370600CBCC3E /* Stack.swift in Sources */,
				6BCB13601C69370600CBCC3E /* TagChunk.swift in Sources */,
				6BCB13531C69370600CBCC3E /* Tree.swift in Sources */,
				6BCB138E1C69370600CBCC3E /* NSMapTableExtension.swift in Sources */,
				6BCB13A01C69370600CBCC3E /* LexerInterpreter.swift in Sources */,
				6BCB134D1C69370600CBCC3E /* WeakHashMap.swift in Sources */,
				6BCB13B01C69370600CBCC3E /* InterpreterRuleContext.swift in Sources */,
				6BCB13561C69370600CBCC3E /* TokenStreamRewriter.swift in Sources */,
				6BCB13B81C69370600CBCC3E /* DiagnosticErrorListener.swift in Sources */,
				6BCB13A81C69370600CBCC3E /* LexerActionExecutor.swift in Sources */,
				6BCB135D1C69370600CBCC3E /* TextChunk.swift in Sources */,
				6BCB139D1C69370600CBCC3E /* LexerNoViableAltException.swift in Sources */,
				6BCB136A1C69370600CBCC3E /* SemanticContext.swift in Sources */,
				6BCB134A1C69370600CBCC3E /* WritableToken.swift in Sources */,
				6BCB13931C69370600CBCC3E /* LoopEndState.swift in Sources */,
				6BCB13BA1C69370600CBCC3E /* DFASerializer.swift in Sources */,
				6BCB13851C69370600CBCC3E /* ParseTree.swift in Sources */,
				6BCB13BF1C69370600CBCC3E /* DecisionInfo.swift in Sources */,
				6BCB13B11C69370600CBCC3E /* InputMismatchException.swift in Sources */,
				6BCB13C41C69370600CBCC3E /* CommonTokenStream.swift in Sources */,
				6BCB135B1C69370600CBCC3E /* TokenExtension.swift in Sources */,
				6BCB13A11C69370600CBCC3E /* LexerIndexedCustomAction.swift in Sources */,
				6BCB13AE1C69370600CBCC3E /* IntervalSet.swift in Sources */,
				6BCB134F1C69370600CBCC3E /* Utils.swift in Sources */,
				6BCB136E1C69370600CBCC3E /* RuleStopState.swift in Sources */,
				6BCB13A91C69370600CBCC3E /* LexerAction.swift in Sources */,
				6BCB13711C69370600CBCC3E /* RuleContext.swift in Sources */,
				6BCB13D91C69370600CBCC3E /* ATNConfig.swift in Sources */,
				6BCB13DD1C69370600CBCC3E /* ANTLRInputStream.swift in Sources */,
				6BCB13A71C69370600CBCC3E /* LexerActionType.swift in Sources */,
				6BCB135C1C69370600CBCC3E /* Token.swift in Sources */,
				6BCB13E11C69370600CBCC3E /* ANTLRErrorListener.swift in Sources */,
				6BCB13591C69370600CBCC3E /* TokenSource.swift in Sources */,
				6BCB13761C69370600CBCC3E /* ProfilingATNSimulator.swift in Sources */,
				6BCB13811C69370600CBCC3E /* ParseTreePatternMatcher.swift in Sources */,
				6BCB13771C69370600CBCC3E /* PredictionMode.swift in Sources */,
				6BCB13781C69370600CBCC3E /* PredictionContextCache.swift in Sources */,
				6BCB13A41C69370600CBCC3E /* LexerChannelAction.swift in Sources */,
				6BCB13911C69370600CBCC3E /* MurmurHash.swift in Sources */,
				6BCB13741C69370600CBCC3E /* RangeTransition.swift in Sources */,
				6BCB137F1C69370600CBCC3E /* ParseTreeWalker.swift in Sources */,
				6BCB13941C69370600CBCC3E /* LookupDictionary.swift in Sources */,
				6BCB13C11C69370600CBCC3E /* ContextSensitivityInfo.swift in Sources */,
				6BCB13DB1C69370600CBCC3E /* ArrayPredictionContext.swift in Sources */,
				6BCB13B91C69370600CBCC3E /* DFAState.swift in Sources */,
				6BCB13731C69370600CBCC3E /* RecognitionException.swift in Sources */,
				6BCB13B31C69370600CBCC3E /* ErrorNode.swift in Sources */,
				6BCB135E1C69370600CBCC3E /* TerminalNodeImpl.swift in Sources */,
				6BCB13511C69370600CBCC3E /* Triple.swift in Sources */,
				6BCB13B61C69370600CBCC3E /* EmptyPredictionContext.swift in Sources */,
				6BCB136C1C69370600CBCC3E /* RuleTransition.swift in Sources */,
				6BCB13BD1C69370600CBCC3E /* DefaultATNConfig.swift in Sources */,
				6BCB135A1C69370600CBCC3E /* TokenFactory.swift in Sources */,
				6BCB137B1C69370600CBCC3E /* PredicateEvalInfo.swift in Sources */,
				6BCB13D41C69370600CBCC3E /* ATNState.swift in Sources */,
				6BCB13971C69370600CBCC3E /* LL1Analyzer.swift in Sources */,
				6BCB13A21C69370600CBCC3E /* LexerDFASerializer.swift in Sources */,
				6BCB13D11C69370600CBCC3E /* BailErrorStrategy.swift in Sources */,
				6BCB13D81C69370600CBCC3E /* ATNConfigSet.swift in Sources */,
			);
			runOnlyForDeploymentPostprocessing = 0;
		};
		F9A422F31BCCD47300A9CD35 /* Sources */ = {
			isa = PBXSourcesBuildPhase;
			buildActionMask = 2147483647;
			files = (
			);
			runOnlyForDeploymentPostprocessing = 0;
		};
		F9A424A41BCD348C00A9CD35 /* Sources */ = {
			isa = PBXSourcesBuildPhase;
			buildActionMask = 2147483647;
			files = (
				F9A424B41BCD357800A9CD35 /* BaseTest.swift in Sources */,
				F9A424AB1BCD348C00A9CD35 /* Antlr4Tests.swift in Sources */,
			);
			runOnlyForDeploymentPostprocessing = 0;
		};
/* End PBXSourcesBuildPhase section */

/* Begin PBXTargetDependency section */
		F9A424AF1BCD348C00A9CD35 /* PBXTargetDependency */ = {
			isa = PBXTargetDependency;
			target = F9A4211B1BCCC35000A9CD35 /* Antlr4 OSX */;
			targetProxy = F9A424AE1BCD348C00A9CD35 /* PBXContainerItemProxy */;
		};
/* End PBXTargetDependency section */

/* Begin XCBuildConfiguration section */
		F9A4212E1BCCC35000A9CD35 /* Debug */ = {
			isa = XCBuildConfiguration;
			buildSettings = {
				ALWAYS_SEARCH_USER_PATHS = NO;
				CLANG_CXX_LANGUAGE_STANDARD = "gnu++0x";
				CLANG_CXX_LIBRARY = "libc++";
				CLANG_ENABLE_MODULES = YES;
				CLANG_ENABLE_OBJC_ARC = YES;
				CLANG_WARN_BOOL_CONVERSION = YES;
				CLANG_WARN_CONSTANT_CONVERSION = YES;
				CLANG_WARN_DIRECT_OBJC_ISA_USAGE = YES_ERROR;
				CLANG_WARN_EMPTY_BODY = YES;
				CLANG_WARN_ENUM_CONVERSION = YES;
				CLANG_WARN_INT_CONVERSION = YES;
				CLANG_WARN_OBJC_ROOT_CLASS = YES_ERROR;
				CLANG_WARN_UNREACHABLE_CODE = YES;
				CLANG_WARN__DUPLICATE_METHOD_MATCH = YES;
				COPY_PHASE_STRIP = NO;
				CURRENT_PROJECT_VERSION = 1;
				DEBUG_INFORMATION_FORMAT = dwarf;
				ENABLE_STRICT_OBJC_MSGSEND = YES;
				ENABLE_TESTABILITY = YES;
				GCC_C_LANGUAGE_STANDARD = gnu99;
				GCC_DYNAMIC_NO_PIC = NO;
				GCC_NO_COMMON_BLOCKS = YES;
				GCC_OPTIMIZATION_LEVEL = 0;
				GCC_PREPROCESSOR_DEFINITIONS = (
					"DEBUG=1",
					"$(inherited)",
				);
				GCC_WARN_64_TO_32_BIT_CONVERSION = YES;
				GCC_WARN_ABOUT_RETURN_TYPE = YES_ERROR;
				GCC_WARN_UNDECLARED_SELECTOR = YES;
				GCC_WARN_UNINITIALIZED_AUTOS = YES_AGGRESSIVE;
				GCC_WARN_UNUSED_FUNCTION = YES;
				GCC_WARN_UNUSED_VARIABLE = YES;
				MACOSX_DEPLOYMENT_TARGET = 10.10;
				MTL_ENABLE_DEBUG_INFO = YES;
				ONLY_ACTIVE_ARCH = YES;
				SDKROOT = macosx;
				SWIFT_OPTIMIZATION_LEVEL = "-Onone";
				VERSIONING_SYSTEM = "apple-generic";
				VERSION_INFO_PREFIX = "";
			};
			name = Debug;
		};
		F9A4212F1BCCC35000A9CD35 /* Release */ = {
			isa = XCBuildConfiguration;
			buildSettings = {
				ALWAYS_SEARCH_USER_PATHS = NO;
				CLANG_CXX_LANGUAGE_STANDARD = "gnu++0x";
				CLANG_CXX_LIBRARY = "libc++";
				CLANG_ENABLE_MODULES = YES;
				CLANG_ENABLE_OBJC_ARC = YES;
				CLANG_WARN_BOOL_CONVERSION = YES;
				CLANG_WARN_CONSTANT_CONVERSION = YES;
				CLANG_WARN_DIRECT_OBJC_ISA_USAGE = YES_ERROR;
				CLANG_WARN_EMPTY_BODY = YES;
				CLANG_WARN_ENUM_CONVERSION = YES;
				CLANG_WARN_INT_CONVERSION = YES;
				CLANG_WARN_OBJC_ROOT_CLASS = YES_ERROR;
				CLANG_WARN_UNREACHABLE_CODE = YES;
				CLANG_WARN__DUPLICATE_METHOD_MATCH = YES;
				COPY_PHASE_STRIP = NO;
				CURRENT_PROJECT_VERSION = 1;
				DEBUG_INFORMATION_FORMAT = "dwarf-with-dsym";
				ENABLE_NS_ASSERTIONS = NO;
				ENABLE_STRICT_OBJC_MSGSEND = YES;
				GCC_C_LANGUAGE_STANDARD = gnu99;
				GCC_NO_COMMON_BLOCKS = YES;
				GCC_WARN_64_TO_32_BIT_CONVERSION = YES;
				GCC_WARN_ABOUT_RETURN_TYPE = YES_ERROR;
				GCC_WARN_UNDECLARED_SELECTOR = YES;
				GCC_WARN_UNINITIALIZED_AUTOS = YES_AGGRESSIVE;
				GCC_WARN_UNUSED_FUNCTION = YES;
				GCC_WARN_UNUSED_VARIABLE = YES;
				MACOSX_DEPLOYMENT_TARGET = 10.10;
				MTL_ENABLE_DEBUG_INFO = NO;
				SDKROOT = macosx;
				VERSIONING_SYSTEM = "apple-generic";
				VERSION_INFO_PREFIX = "";
			};
			name = Release;
		};
		F9A421311BCCC35000A9CD35 /* Debug */ = {
			isa = XCBuildConfiguration;
			buildSettings = {
				CLANG_ENABLE_MODULES = YES;
				COMBINE_HIDPI_IMAGES = YES;
				DEFINES_MODULE = YES;
				DYLIB_COMPATIBILITY_VERSION = 1;
				DYLIB_CURRENT_VERSION = 1;
				DYLIB_INSTALL_NAME_BASE = "@rpath";
				FRAMEWORK_VERSION = A;
				GCC_OPTIMIZATION_LEVEL = fast;
				INFOPLIST_FILE = "Antlr4/Info-OSX.plist";
				INSTALL_PATH = "$(LOCAL_LIBRARY_DIR)/Frameworks";
				LD_RUNPATH_SEARCH_PATHS = "$(inherited) @executable_path/../Frameworks @loader_path/Frameworks";
				PRODUCT_BUNDLE_IDENTIFIER = jlabs.Antlr4;
				PRODUCT_NAME = "$(PROJECT_NAME)";
				SKIP_INSTALL = YES;
				SWIFT_OPTIMIZATION_LEVEL = "-Owholemodule";
			};
			name = Debug;
		};
		F9A421321BCCC35000A9CD35 /* Release */ = {
			isa = XCBuildConfiguration;
			buildSettings = {
				CLANG_ENABLE_MODULES = YES;
				COMBINE_HIDPI_IMAGES = YES;
				DEFINES_MODULE = YES;
				DYLIB_COMPATIBILITY_VERSION = 1;
				DYLIB_CURRENT_VERSION = 1;
				DYLIB_INSTALL_NAME_BASE = "@rpath";
				FRAMEWORK_VERSION = A;
				GCC_OPTIMIZATION_LEVEL = fast;
				INFOPLIST_FILE = "Antlr4/Info-OSX.plist";
				INSTALL_PATH = "$(LOCAL_LIBRARY_DIR)/Frameworks";
				LD_RUNPATH_SEARCH_PATHS = "$(inherited) @executable_path/../Frameworks @loader_path/Frameworks";
				PRODUCT_BUNDLE_IDENTIFIER = jlabs.Antlr4;
				PRODUCT_NAME = "$(PROJECT_NAME)";
				SKIP_INSTALL = YES;
				SWIFT_OPTIMIZATION_LEVEL = "-Owholemodule";
			};
			name = Release;
		};
		F9A422FE1BCCD47300A9CD35 /* Debug */ = {
			isa = XCBuildConfiguration;
			buildSettings = {
				"CODE_SIGN_IDENTITY[sdk=iphoneos*]" = "iPhone Developer";
				DEFINES_MODULE = YES;
				DYLIB_COMPATIBILITY_VERSION = 1;
				DYLIB_CURRENT_VERSION = 1;
				DYLIB_INSTALL_NAME_BASE = "@rpath";
				INFOPLIST_FILE = "Antlr4/Info-IOS.plist";
				INSTALL_PATH = "$(LOCAL_LIBRARY_DIR)/Frameworks";
				IPHONEOS_DEPLOYMENT_TARGET = 9.0;
				LD_RUNPATH_SEARCH_PATHS = "$(inherited) @executable_path/Frameworks @loader_path/Frameworks";
				PRODUCT_BUNDLE_IDENTIFIER = jlabs.Antlr4;
				PRODUCT_NAME = "$(PROJECT_NAME)";
				SDKROOT = iphoneos;
				SKIP_INSTALL = YES;
				TARGETED_DEVICE_FAMILY = "1,2";
			};
			name = Debug;
		};
		F9A422FF1BCCD47300A9CD35 /* Release */ = {
			isa = XCBuildConfiguration;
			buildSettings = {
				"CODE_SIGN_IDENTITY[sdk=iphoneos*]" = "iPhone Developer";
				DEFINES_MODULE = YES;
				DYLIB_COMPATIBILITY_VERSION = 1;
				DYLIB_CURRENT_VERSION = 1;
				DYLIB_INSTALL_NAME_BASE = "@rpath";
				INFOPLIST_FILE = "Antlr4/Info-IOS.plist";
				INSTALL_PATH = "$(LOCAL_LIBRARY_DIR)/Frameworks";
				IPHONEOS_DEPLOYMENT_TARGET = 9.0;
				LD_RUNPATH_SEARCH_PATHS = "$(inherited) @executable_path/Frameworks @loader_path/Frameworks";
				PRODUCT_BUNDLE_IDENTIFIER = jlabs.Antlr4;
				PRODUCT_NAME = "$(PROJECT_NAME)";
				SDKROOT = iphoneos;
				SKIP_INSTALL = YES;
				TARGETED_DEVICE_FAMILY = "1,2";
				VALIDATE_PRODUCT = YES;
			};
			name = Release;
		};
		F9A424B11BCD348C00A9CD35 /* Debug */ = {
			isa = XCBuildConfiguration;
			buildSettings = {
				COMBINE_HIDPI_IMAGES = YES;
				INFOPLIST_FILE = Antlr4Tests/Info.plist;
				LD_RUNPATH_SEARCH_PATHS = "$(inherited) @executable_path/../Frameworks @loader_path/../Frameworks";
				PRODUCT_BUNDLE_IDENTIFIER = jlabs.Antlr4Tests;
				PRODUCT_NAME = "$(TARGET_NAME)";
			};
			name = Debug;
		};
		F9A424B21BCD348C00A9CD35 /* Release */ = {
			isa = XCBuildConfiguration;
			buildSettings = {
				COMBINE_HIDPI_IMAGES = YES;
				INFOPLIST_FILE = Antlr4Tests/Info.plist;
				LD_RUNPATH_SEARCH_PATHS = "$(inherited) @executable_path/../Frameworks @loader_path/../Frameworks";
				PRODUCT_BUNDLE_IDENTIFIER = jlabs.Antlr4Tests;
				PRODUCT_NAME = "$(TARGET_NAME)";
			};
			name = Release;
		};
/* End XCBuildConfiguration section */

/* Begin XCConfigurationList section */
		F9A421161BCCC35000A9CD35 /* Build configuration list for PBXProject "Antlr4" */ = {
			isa = XCConfigurationList;
			buildConfigurations = (
				F9A4212E1BCCC35000A9CD35 /* Debug */,
				F9A4212F1BCCC35000A9CD35 /* Release */,
			);
			defaultConfigurationIsVisible = 0;
			defaultConfigurationName = Release;
		};
		F9A421301BCCC35000A9CD35 /* Build configuration list for PBXNativeTarget "Antlr4 OSX" */ = {
			isa = XCConfigurationList;
			buildConfigurations = (
				F9A421311BCCC35000A9CD35 /* Debug */,
				F9A421321BCCC35000A9CD35 /* Release */,
			);
			defaultConfigurationIsVisible = 0;
			defaultConfigurationName = Release;
		};
		F9A422FD1BCCD47300A9CD35 /* Build configuration list for PBXNativeTarget "Antlr4 IOS" */ = {
			isa = XCConfigurationList;
			buildConfigurations = (
				F9A422FE1BCCD47300A9CD35 /* Debug */,
				F9A422FF1BCCD47300A9CD35 /* Release */,
			);
			defaultConfigurationIsVisible = 0;
			defaultConfigurationName = Release;
		};
		F9A424B01BCD348C00A9CD35 /* Build configuration list for PBXNativeTarget "Antlr4Tests" */ = {
			isa = XCConfigurationList;
			buildConfigurations = (
				F9A424B11BCD348C00A9CD35 /* Debug */,
				F9A424B21BCD348C00A9CD35 /* Release */,
			);
			defaultConfigurationIsVisible = 0;
			defaultConfigurationName = Release;
		};
/* End XCConfigurationList section */
	};
	rootObject = F9A421131BCCC35000A9CD35 /* Project object */;
}
